// !$*UTF8*$!
{
	archiveVersion = 1;
	classes = {
	};
	objectVersion = 46;
	objects = {

/* Begin PBXBuildFile section */
		4D6D56B81C737F5B00328A62 /* array_map.c in Sources */ = {isa = PBXBuildFile; fileRef = 4D6D56B61C737F5B00328A62 /* array_map.c */; };
		4D77985C1C6F0B5100021ED6 /* OpenGL.framework in Frameworks */ = {isa = PBXBuildFile; fileRef = 4D77985B1C6F0B5100021ED6 /* OpenGL.framework */; };
		4D7798661C6F0EC800021ED6 /* sprite.c in Sources */ = {isa = PBXBuildFile; fileRef = 4D7798641C6F0EC800021ED6 /* sprite.c */; };
		4D77986E1C6F229700021ED6 /* shader.c in Sources */ = {isa = PBXBuildFile; fileRef = 4D77986C1C6F229700021ED6 /* shader.c */; };
		4D822B781C6F5CE60083122E /* memory.c in Sources */ = {isa = PBXBuildFile; fileRef = 4D822B761C6F5CE60083122E /* memory.c */; };
		4D822B7E1C6F61670083122E /* main.c in Sources */ = {isa = PBXBuildFile; fileRef = 4D822B7D1C6F61670083122E /* main.c */; };
		4D822B8A1C6F62490083122E /* fs.c in Sources */ = {isa = PBXBuildFile; fileRef = 4D822B861C6F62490083122E /* fs.c */; };
		4D822B8D1C6F66400083122E /* libglfw3.a in Frameworks */ = {isa = PBXBuildFile; fileRef = 4D822B8C1C6F66400083122E /* libglfw3.a */; };
		4D822B911C6F672D0083122E /* timer.c in Sources */ = {isa = PBXBuildFile; fileRef = 4D822B901C6F672D0083122E /* timer.c */; };
		4D887C471C70BE18006EA5DA /* lodepng.c in Sources */ = {isa = PBXBuildFile; fileRef = 4D887C451C70BE18006EA5DA /* lodepng.c */; };
		4D887C4A1C70BFCA006EA5DA /* texture.c in Sources */ = {isa = PBXBuildFile; fileRef = 4D887C481C70BFCA006EA5DA /* texture.c */; };
		4DDA8E2C1C4F5AE700ED5325 /* lapi.c in Sources */ = {isa = PBXBuildFile; fileRef = 4DDA8DED1C4F5AE700ED5325 /* lapi.c */; };
		4DDA8E2D1C4F5AE700ED5325 /* lauxlib.c in Sources */ = {isa = PBXBuildFile; fileRef = 4DDA8DEF1C4F5AE700ED5325 /* lauxlib.c */; };
		4DDA8E2E1C4F5AE700ED5325 /* lbaselib.c in Sources */ = {isa = PBXBuildFile; fileRef = 4DDA8DF11C4F5AE700ED5325 /* lbaselib.c */; };
		4DDA8E2F1C4F5AE700ED5325 /* lbitlib.c in Sources */ = {isa = PBXBuildFile; fileRef = 4DDA8DF21C4F5AE700ED5325 /* lbitlib.c */; };
		4DDA8E301C4F5AE700ED5325 /* lcode.c in Sources */ = {isa = PBXBuildFile; fileRef = 4DDA8DF31C4F5AE700ED5325 /* lcode.c */; };
		4DDA8E311C4F5AE700ED5325 /* lcorolib.c in Sources */ = {isa = PBXBuildFile; fileRef = 4DDA8DF51C4F5AE700ED5325 /* lcorolib.c */; };
		4DDA8E321C4F5AE700ED5325 /* lctype.c in Sources */ = {isa = PBXBuildFile; fileRef = 4DDA8DF61C4F5AE700ED5325 /* lctype.c */; };
		4DDA8E331C4F5AE700ED5325 /* ldblib.c in Sources */ = {isa = PBXBuildFile; fileRef = 4DDA8DF81C4F5AE700ED5325 /* ldblib.c */; };
		4DDA8E341C4F5AE700ED5325 /* ldebug.c in Sources */ = {isa = PBXBuildFile; fileRef = 4DDA8DF91C4F5AE700ED5325 /* ldebug.c */; };
		4DDA8E351C4F5AE700ED5325 /* ldo.c in Sources */ = {isa = PBXBuildFile; fileRef = 4DDA8DFB1C4F5AE700ED5325 /* ldo.c */; };
		4DDA8E361C4F5AE700ED5325 /* ldump.c in Sources */ = {isa = PBXBuildFile; fileRef = 4DDA8DFD1C4F5AE700ED5325 /* ldump.c */; };
		4DDA8E371C4F5AE700ED5325 /* lfunc.c in Sources */ = {isa = PBXBuildFile; fileRef = 4DDA8DFE1C4F5AE700ED5325 /* lfunc.c */; };
		4DDA8E381C4F5AE700ED5325 /* lgc.c in Sources */ = {isa = PBXBuildFile; fileRef = 4DDA8E001C4F5AE700ED5325 /* lgc.c */; };
		4DDA8E391C4F5AE700ED5325 /* linit.c in Sources */ = {isa = PBXBuildFile; fileRef = 4DDA8E021C4F5AE700ED5325 /* linit.c */; };
		4DDA8E3A1C4F5AE700ED5325 /* liolib.c in Sources */ = {isa = PBXBuildFile; fileRef = 4DDA8E031C4F5AE700ED5325 /* liolib.c */; };
		4DDA8E3B1C4F5AE700ED5325 /* llex.c in Sources */ = {isa = PBXBuildFile; fileRef = 4DDA8E041C4F5AE700ED5325 /* llex.c */; };
		4DDA8E3C1C4F5AE700ED5325 /* lmathlib.c in Sources */ = {isa = PBXBuildFile; fileRef = 4DDA8E071C4F5AE700ED5325 /* lmathlib.c */; };
		4DDA8E3D1C4F5AE700ED5325 /* lmem.c in Sources */ = {isa = PBXBuildFile; fileRef = 4DDA8E081C4F5AE700ED5325 /* lmem.c */; };
		4DDA8E3E1C4F5AE700ED5325 /* loadlib.c in Sources */ = {isa = PBXBuildFile; fileRef = 4DDA8E0A1C4F5AE700ED5325 /* loadlib.c */; };
		4DDA8E3F1C4F5AE700ED5325 /* lobject.c in Sources */ = {isa = PBXBuildFile; fileRef = 4DDA8E0B1C4F5AE700ED5325 /* lobject.c */; };
		4DDA8E401C4F5AE700ED5325 /* lopcodes.c in Sources */ = {isa = PBXBuildFile; fileRef = 4DDA8E0D1C4F5AE700ED5325 /* lopcodes.c */; };
		4DDA8E411C4F5AE700ED5325 /* loslib.c in Sources */ = {isa = PBXBuildFile; fileRef = 4DDA8E0F1C4F5AE700ED5325 /* loslib.c */; };
		4DDA8E421C4F5AE700ED5325 /* lparser.c in Sources */ = {isa = PBXBuildFile; fileRef = 4DDA8E101C4F5AE700ED5325 /* lparser.c */; };
		4DDA8E431C4F5AE700ED5325 /* lstate.c in Sources */ = {isa = PBXBuildFile; fileRef = 4DDA8E131C4F5AE700ED5325 /* lstate.c */; };
		4DDA8E441C4F5AE700ED5325 /* lstring.c in Sources */ = {isa = PBXBuildFile; fileRef = 4DDA8E151C4F5AE700ED5325 /* lstring.c */; };
		4DDA8E451C4F5AE700ED5325 /* lstrlib.c in Sources */ = {isa = PBXBuildFile; fileRef = 4DDA8E171C4F5AE700ED5325 /* lstrlib.c */; };
		4DDA8E461C4F5AE700ED5325 /* ltable.c in Sources */ = {isa = PBXBuildFile; fileRef = 4DDA8E181C4F5AE700ED5325 /* ltable.c */; };
		4DDA8E471C4F5AE700ED5325 /* ltablib.c in Sources */ = {isa = PBXBuildFile; fileRef = 4DDA8E1A1C4F5AE700ED5325 /* ltablib.c */; };
		4DDA8E481C4F5AE700ED5325 /* ltm.c in Sources */ = {isa = PBXBuildFile; fileRef = 4DDA8E1B1C4F5AE700ED5325 /* ltm.c */; };
		4DDA8E4B1C4F5AE700ED5325 /* lundump.c in Sources */ = {isa = PBXBuildFile; fileRef = 4DDA8E231C4F5AE700ED5325 /* lundump.c */; };
		4DDA8E4C1C4F5AE700ED5325 /* lutf8lib.c in Sources */ = {isa = PBXBuildFile; fileRef = 4DDA8E251C4F5AE700ED5325 /* lutf8lib.c */; };
		4DDA8E4D1C4F5AE700ED5325 /* lvm.c in Sources */ = {isa = PBXBuildFile; fileRef = 4DDA8E261C4F5AE700ED5325 /* lvm.c */; };
		4DDA8E4E1C4F5AE700ED5325 /* lzio.c in Sources */ = {isa = PBXBuildFile; fileRef = 4DDA8E281C4F5AE700ED5325 /* lzio.c */; };
		4DDA8E961C4F5C6700ED5325 /* CoreAudio.framework in Frameworks */ = {isa = PBXBuildFile; fileRef = 4DDA8E941C4F5C6700ED5325 /* CoreAudio.framework */; };
		4DDA8E9A1C4F5C8200ED5325 /* CoreVideo.framework in Frameworks */ = {isa = PBXBuildFile; fileRef = 4DDA8E991C4F5C8200ED5325 /* CoreVideo.framework */; };
		4DDA8E9C1C4F5C8E00ED5325 /* ForceFeedback.framework in Frameworks */ = {isa = PBXBuildFile; fileRef = 4DDA8E9B1C4F5C8E00ED5325 /* ForceFeedback.framework */; };
		4DDA8E9E1C4F5C9200ED5325 /* IOKit.framework in Frameworks */ = {isa = PBXBuildFile; fileRef = 4DDA8E9D1C4F5C9200ED5325 /* IOKit.framework */; };
		4DDA8EA01C4F5C9900ED5325 /* Carbon.framework in Frameworks */ = {isa = PBXBuildFile; fileRef = 4DDA8E9F1C4F5C9900ED5325 /* Carbon.framework */; };
		4DDA8EA21C4F5C9D00ED5325 /* AudioUnit.framework in Frameworks */ = {isa = PBXBuildFile; fileRef = 4DDA8EA11C4F5C9D00ED5325 /* AudioUnit.framework */; };
		4DDA8EA41C4F5CA300ED5325 /* CoreFoundation.framework in Frameworks */ = {isa = PBXBuildFile; fileRef = 4DDA8EA31C4F5CA300ED5325 /* CoreFoundation.framework */; };
		4DDF63951C4E057B008A44CE /* Cocoa.framework in Frameworks */ = {isa = PBXBuildFile; fileRef = 4DDF63941C4E057B008A44CE /* Cocoa.framework */; };
		4DE47B401C7ACAC2001D2F8C /* sprite_batch.c in Sources */ = {isa = PBXBuildFile; fileRef = 4DE47B3E1C7ACAC2001D2F8C /* sprite_batch.c */; };
		4DE47B411C7ACAC2001D2F8C /* sprite_batch.c in Sources */ = {isa = PBXBuildFile; fileRef = 4DE47B3E1C7ACAC2001D2F8C /* sprite_batch.c */; };
		4DE47B451C7ACBA5001D2F8C /* array.c in Sources */ = {isa = PBXBuildFile; fileRef = 4DE47B431C7ACBA5001D2F8C /* array.c */; };
		4DE47B461C7ACBA5001D2F8C /* array.c in Sources */ = {isa = PBXBuildFile; fileRef = 4DE47B431C7ACBA5001D2F8C /* array.c */; };
		4DE47B491C7AD8C8001D2F8C /* test_array.c in Sources */ = {isa = PBXBuildFile; fileRef = 4DE47B471C7AD8C8001D2F8C /* test_array.c */; };
		4DE47B4A1C7AD8C8001D2F8C /* test_array.c in Sources */ = {isa = PBXBuildFile; fileRef = 4DE47B471C7AD8C8001D2F8C /* test_array.c */; };
		4DE47B4B1C7ADB2B001D2F8C /* matrix.c in Sources */ = {isa = PBXBuildFile; fileRef = 4DE4D2021C7467E200410891 /* matrix.c */; };
		4DE4D1B71C74058200410891 /* test_array_map.c in Sources */ = {isa = PBXBuildFile; fileRef = 4DE4D1B51C74058200410891 /* test_array_map.c */; };
		4DE4D1BB1C74078B00410891 /* libglfw3.a in Frameworks */ = {isa = PBXBuildFile; fileRef = 4D822B8C1C6F66400083122E /* libglfw3.a */; };
		4DE4D1BC1C74078B00410891 /* OpenGL.framework in Frameworks */ = {isa = PBXBuildFile; fileRef = 4D77985B1C6F0B5100021ED6 /* OpenGL.framework */; };
		4DE4D1BD1C74078B00410891 /* CoreFoundation.framework in Frameworks */ = {isa = PBXBuildFile; fileRef = 4DDA8EA31C4F5CA300ED5325 /* CoreFoundation.framework */; };
		4DE4D1BE1C74078B00410891 /* AudioUnit.framework in Frameworks */ = {isa = PBXBuildFile; fileRef = 4DDA8EA11C4F5C9D00ED5325 /* AudioUnit.framework */; };
		4DE4D1BF1C74078B00410891 /* Carbon.framework in Frameworks */ = {isa = PBXBuildFile; fileRef = 4DDA8E9F1C4F5C9900ED5325 /* Carbon.framework */; };
		4DE4D1C01C74078B00410891 /* IOKit.framework in Frameworks */ = {isa = PBXBuildFile; fileRef = 4DDA8E9D1C4F5C9200ED5325 /* IOKit.framework */; };
		4DE4D1C11C74078B00410891 /* ForceFeedback.framework in Frameworks */ = {isa = PBXBuildFile; fileRef = 4DDA8E9B1C4F5C8E00ED5325 /* ForceFeedback.framework */; };
		4DE4D1C21C74078B00410891 /* CoreVideo.framework in Frameworks */ = {isa = PBXBuildFile; fileRef = 4DDA8E991C4F5C8200ED5325 /* CoreVideo.framework */; };
		4DE4D1C31C74078B00410891 /* CoreAudio.framework in Frameworks */ = {isa = PBXBuildFile; fileRef = 4DDA8E941C4F5C6700ED5325 /* CoreAudio.framework */; };
		4DE4D1C41C74078B00410891 /* Cocoa.framework in Frameworks */ = {isa = PBXBuildFile; fileRef = 4DDF63941C4E057B008A44CE /* Cocoa.framework */; };
		4DE4D1C61C74078B00410891 /* lcode.c in Sources */ = {isa = PBXBuildFile; fileRef = 4DDA8DF31C4F5AE700ED5325 /* lcode.c */; };
		4DE4D1C71C74078B00410891 /* lcorolib.c in Sources */ = {isa = PBXBuildFile; fileRef = 4DDA8DF51C4F5AE700ED5325 /* lcorolib.c */; };
		4DE4D1C81C74078B00410891 /* lfunc.c in Sources */ = {isa = PBXBuildFile; fileRef = 4DDA8DFE1C4F5AE700ED5325 /* lfunc.c */; };
		4DE4D1C91C74078B00410891 /* ldebug.c in Sources */ = {isa = PBXBuildFile; fileRef = 4DDA8DF91C4F5AE700ED5325 /* ldebug.c */; };
		4DE4D1CA1C74078B00410891 /* lodepng.c in Sources */ = {isa = PBXBuildFile; fileRef = 4D887C451C70BE18006EA5DA /* lodepng.c */; };
		4DE4D1CB1C74078B00410891 /* liolib.c in Sources */ = {isa = PBXBuildFile; fileRef = 4DDA8E031C4F5AE700ED5325 /* liolib.c */; };
		4DE4D1CC1C74078B00410891 /* array_map.c in Sources */ = {isa = PBXBuildFile; fileRef = 4D6D56B61C737F5B00328A62 /* array_map.c */; };
		4DE4D1CD1C74078B00410891 /* laffine.c in Sources */ = {isa = PBXBuildFile; fileRef = 4DE642B71C5B3BCA003EBBC0 /* laffine.c */; };
		4DE4D1CE1C74078B00410891 /* lseal_core.c in Sources */ = {isa = PBXBuildFile; fileRef = 4DE642BD1C5B3BCA003EBBC0 /* lseal_core.c */; };
		4DE4D1CF1C74078B00410891 /* loslib.c in Sources */ = {isa = PBXBuildFile; fileRef = 4DDA8E0F1C4F5AE700ED5325 /* loslib.c */; };
		4DE4D1D01C74078B00410891 /* lbaselib.c in Sources */ = {isa = PBXBuildFile; fileRef = 4DDA8DF11C4F5AE700ED5325 /* lbaselib.c */; };
		4DE4D1D11C74078B00410891 /* ltm.c in Sources */ = {isa = PBXBuildFile; fileRef = 4DDA8E1B1C4F5AE700ED5325 /* ltm.c */; };
		4DE4D1D21C74078B00410891 /* ldblib.c in Sources */ = {isa = PBXBuildFile; fileRef = 4DDA8DF81C4F5AE700ED5325 /* ldblib.c */; };
		4DE4D1D31C74078B00410891 /* lbitlib.c in Sources */ = {isa = PBXBuildFile; fileRef = 4DDA8DF21C4F5AE700ED5325 /* lbitlib.c */; };
		4DE4D1D41C74078B00410891 /* linit.c in Sources */ = {isa = PBXBuildFile; fileRef = 4DDA8E021C4F5AE700ED5325 /* linit.c */; };
		4DE4D1D51C74078B00410891 /* shader.c in Sources */ = {isa = PBXBuildFile; fileRef = 4D77986C1C6F229700021ED6 /* shader.c */; };
		4DE4D1D61C74078B00410891 /* lmem.c in Sources */ = {isa = PBXBuildFile; fileRef = 4DDA8E081C4F5AE700ED5325 /* lmem.c */; };
		4DE4D1D71C74078B00410891 /* seal.c in Sources */ = {isa = PBXBuildFile; fileRef = 4DE642C11C5B3BCA003EBBC0 /* seal.c */; };
		4DE4D1D81C74078B00410891 /* fs.c in Sources */ = {isa = PBXBuildFile; fileRef = 4D822B861C6F62490083122E /* fs.c */; };
		4DE4D1D91C74078B00410891 /* ldump.c in Sources */ = {isa = PBXBuildFile; fileRef = 4DDA8DFD1C4F5AE700ED5325 /* ldump.c */; };
		4DE4D1DA1C74078B00410891 /* lstring.c in Sources */ = {isa = PBXBuildFile; fileRef = 4DDA8E151C4F5AE700ED5325 /* lstring.c */; };
		4DE4D1DB1C74078B00410891 /* lapi.c in Sources */ = {isa = PBXBuildFile; fileRef = 4DDA8DED1C4F5AE700ED5325 /* lapi.c */; };
		4DE4D1DC1C74078B00410891 /* lstate.c in Sources */ = {isa = PBXBuildFile; fileRef = 4DDA8E131C4F5AE700ED5325 /* lstate.c */; };
		4DE4D1DD1C74078B00410891 /* main.c in Sources */ = {isa = PBXBuildFile; fileRef = 4D822B7D1C6F61670083122E /* main.c */; };
		4DE4D1DE1C74078B00410891 /* lopcodes.c in Sources */ = {isa = PBXBuildFile; fileRef = 4DDA8E0D1C4F5AE700ED5325 /* lopcodes.c */; };
		4DE4D1DF1C74078B00410891 /* lopen.c in Sources */ = {isa = PBXBuildFile; fileRef = 4DE642B81C5B3BCA003EBBC0 /* lopen.c */; };
		4DE4D1E01C74078B00410891 /* lutf8lib.c in Sources */ = {isa = PBXBuildFile; fileRef = 4DDA8E251C4F5AE700ED5325 /* lutf8lib.c */; };
		4DE4D1E11C74078B00410891 /* timer.c in Sources */ = {isa = PBXBuildFile; fileRef = 4D822B901C6F672D0083122E /* timer.c */; };
		4DE4D1E21C74078B00410891 /* test_array_map.c in Sources */ = {isa = PBXBuildFile; fileRef = 4DE4D1B51C74058200410891 /* test_array_map.c */; };
		4DE4D1E31C74078B00410891 /* sprite.c in Sources */ = {isa = PBXBuildFile; fileRef = 4D7798641C6F0EC800021ED6 /* sprite.c */; };
		4DE4D1E41C74078B00410891 /* llex.c in Sources */ = {isa = PBXBuildFile; fileRef = 4DDA8E041C4F5AE700ED5325 /* llex.c */; };
		4DE4D1E51C74078B00410891 /* lundump.c in Sources */ = {isa = PBXBuildFile; fileRef = 4DDA8E231C4F5AE700ED5325 /* lundump.c */; };
		4DE4D1E61C74078B00410891 /* lvm.c in Sources */ = {isa = PBXBuildFile; fileRef = 4DDA8E261C4F5AE700ED5325 /* lvm.c */; };
		4DE4D1E71C74078B00410891 /* ldo.c in Sources */ = {isa = PBXBuildFile; fileRef = 4DDA8DFB1C4F5AE700ED5325 /* ldo.c */; };
		4DE4D1E81C74078B00410891 /* memory.c in Sources */ = {isa = PBXBuildFile; fileRef = 4D822B761C6F5CE60083122E /* memory.c */; };
		4DE4D1E91C74078B00410891 /* loadlib.c in Sources */ = {isa = PBXBuildFile; fileRef = 4DDA8E0A1C4F5AE700ED5325 /* loadlib.c */; };
		4DE4D1EA1C74078B00410891 /* lobject.c in Sources */ = {isa = PBXBuildFile; fileRef = 4DDA8E0B1C4F5AE700ED5325 /* lobject.c */; };
		4DE4D1EB1C74078B00410891 /* ltablib.c in Sources */ = {isa = PBXBuildFile; fileRef = 4DDA8E1A1C4F5AE700ED5325 /* ltablib.c */; };
		4DE4D1EC1C74078B00410891 /* lstrlib.c in Sources */ = {isa = PBXBuildFile; fileRef = 4DDA8E171C4F5AE700ED5325 /* lstrlib.c */; };
		4DE4D1ED1C74078B00410891 /* lmathlib.c in Sources */ = {isa = PBXBuildFile; fileRef = 4DDA8E071C4F5AE700ED5325 /* lmathlib.c */; };
		4DE4D1EE1C74078B00410891 /* lgc.c in Sources */ = {isa = PBXBuildFile; fileRef = 4DDA8E001C4F5AE700ED5325 /* lgc.c */; };
		4DE4D1EF1C74078B00410891 /* texture.c in Sources */ = {isa = PBXBuildFile; fileRef = 4D887C481C70BFCA006EA5DA /* texture.c */; };
		4DE4D1F01C74078B00410891 /* lctype.c in Sources */ = {isa = PBXBuildFile; fileRef = 4DDA8DF61C4F5AE700ED5325 /* lctype.c */; };
		4DE4D1F11C74078B00410891 /* lauxlib.c in Sources */ = {isa = PBXBuildFile; fileRef = 4DDA8DEF1C4F5AE700ED5325 /* lauxlib.c */; };
		4DE4D1F21C74078B00410891 /* affine.c in Sources */ = {isa = PBXBuildFile; fileRef = 4DE642BF1C5B3BCA003EBBC0 /* affine.c */; };
		4DE4D1F31C74078B00410891 /* lparser.c in Sources */ = {isa = PBXBuildFile; fileRef = 4DDA8E101C4F5AE700ED5325 /* lparser.c */; };
		4DE4D1F41C74078B00410891 /* lzio.c in Sources */ = {isa = PBXBuildFile; fileRef = 4DDA8E281C4F5AE700ED5325 /* lzio.c */; };
		4DE4D1F51C74078B00410891 /* ltable.c in Sources */ = {isa = PBXBuildFile; fileRef = 4DDA8E181C4F5AE700ED5325 /* ltable.c */; };
		4DE4D1FE1C74279700410891 /* render.c in Sources */ = {isa = PBXBuildFile; fileRef = 4DE4D1FC1C74279700410891 /* render.c */; };
		4DE4D2041C7467E200410891 /* matrix.c in Sources */ = {isa = PBXBuildFile; fileRef = 4DE4D2021C7467E200410891 /* matrix.c */; };
		4DE620FD1C7856AE0073C71A /* camera.c in Sources */ = {isa = PBXBuildFile; fileRef = 4DE620FC1C7856AE0073C71A /* camera.c */; };
		4DE620FE1C7856AE0073C71A /* camera.c in Sources */ = {isa = PBXBuildFile; fileRef = 4DE620FC1C7856AE0073C71A /* camera.c */; };
		4DE642C31C5B3BCA003EBBC0 /* laffine.c in Sources */ = {isa = PBXBuildFile; fileRef = 4DE642B71C5B3BCA003EBBC0 /* laffine.c */; };
		4DE642C41C5B3BCA003EBBC0 /* lopen.c in Sources */ = {isa = PBXBuildFile; fileRef = 4DE642B81C5B3BCA003EBBC0 /* lopen.c */; };
		4DE642C81C5B3BCA003EBBC0 /* lseal_core.c in Sources */ = {isa = PBXBuildFile; fileRef = 4DE642BD1C5B3BCA003EBBC0 /* lseal_core.c */; };
		4DE642C91C5B3BCA003EBBC0 /* affine.c in Sources */ = {isa = PBXBuildFile; fileRef = 4DE642BF1C5B3BCA003EBBC0 /* affine.c */; };
		4DE642CA1C5B3BCA003EBBC0 /* seal.c in Sources */ = {isa = PBXBuildFile; fileRef = 4DE642C11C5B3BCA003EBBC0 /* seal.c */; };
/* End PBXBuildFile section */

/* Begin PBXCopyFilesBuildPhase section */
		4DE4D1F61C74078B00410891 /* CopyFiles */ = {
			isa = PBXCopyFilesBuildPhase;
			buildActionMask = 2147483647;
			dstPath = /usr/share/man/man1/;
			dstSubfolderSpec = 0;
			files = (
			);
			runOnlyForDeploymentPostprocessing = 1;
		};
		4DF5F5BC1C4C8CFC0080A8EB /* CopyFiles */ = {
			isa = PBXCopyFilesBuildPhase;
			buildActionMask = 2147483647;
			dstPath = /usr/share/man/man1/;
			dstSubfolderSpec = 0;
			files = (
			);
			runOnlyForDeploymentPostprocessing = 1;
		};
/* End PBXCopyFilesBuildPhase section */

/* Begin PBXFileReference section */
		4D6D56B61C737F5B00328A62 /* array_map.c */ = {isa = PBXFileReference; fileEncoding = 4; lastKnownFileType = sourcecode.c.c; path = array_map.c; sourceTree = "<group>"; };
		4D6D56B71C737F5B00328A62 /* array_map.h */ = {isa = PBXFileReference; fileEncoding = 4; lastKnownFileType = sourcecode.c.h; path = array_map.h; sourceTree = "<group>"; };
		4D77985B1C6F0B5100021ED6 /* OpenGL.framework */ = {isa = PBXFileReference; lastKnownFileType = wrapper.framework; name = OpenGL.framework; path = System/Library/Frameworks/OpenGL.framework; sourceTree = SDKROOT; };
		4D7798641C6F0EC800021ED6 /* sprite.c */ = {isa = PBXFileReference; fileEncoding = 4; lastKnownFileType = sourcecode.c.c; path = sprite.c; sourceTree = "<group>"; };
		4D7798651C6F0EC800021ED6 /* sprite.h */ = {isa = PBXFileReference; fileEncoding = 4; lastKnownFileType = sourcecode.c.h; path = sprite.h; sourceTree = "<group>"; };
		4D7798681C6F0FF900021ED6 /* vertex.h */ = {isa = PBXFileReference; fileEncoding = 4; lastKnownFileType = sourcecode.c.h; path = vertex.h; sourceTree = "<group>"; };
		4D77986C1C6F229700021ED6 /* shader.c */ = {isa = PBXFileReference; fileEncoding = 4; lastKnownFileType = sourcecode.c.c; path = shader.c; sourceTree = "<group>"; };
		4D77986D1C6F229700021ED6 /* shader.h */ = {isa = PBXFileReference; fileEncoding = 4; lastKnownFileType = sourcecode.c.h; path = shader.h; sourceTree = "<group>"; };
		4D822B761C6F5CE60083122E /* memory.c */ = {isa = PBXFileReference; fileEncoding = 4; lastKnownFileType = sourcecode.c.c; path = memory.c; sourceTree = "<group>"; };
		4D822B771C6F5CE60083122E /* memory.h */ = {isa = PBXFileReference; fileEncoding = 4; lastKnownFileType = sourcecode.c.h; path = memory.h; sourceTree = "<group>"; };
		4D822B7B1C6F5DCE0083122E /* list.h */ = {isa = PBXFileReference; fileEncoding = 4; lastKnownFileType = sourcecode.c.h; path = list.h; sourceTree = "<group>"; };
		4D822B7D1C6F61670083122E /* main.c */ = {isa = PBXFileReference; fileEncoding = 4; lastKnownFileType = sourcecode.c.c; path = main.c; sourceTree = "<group>"; };
		4D822B861C6F62490083122E /* fs.c */ = {isa = PBXFileReference; fileEncoding = 4; lastKnownFileType = sourcecode.c.c; path = fs.c; sourceTree = "<group>"; };
		4D822B871C6F62490083122E /* fs.h */ = {isa = PBXFileReference; fileEncoding = 4; lastKnownFileType = sourcecode.c.h; path = fs.h; sourceTree = "<group>"; };
		4D822B8C1C6F66400083122E /* libglfw3.a */ = {isa = PBXFileReference; lastKnownFileType = archive.ar; name = libglfw3.a; path = ../../../libs/glfw/mac/libs/libglfw3.a; sourceTree = "<group>"; };
		4D822B8F1C6F67250083122E /* timer.h */ = {isa = PBXFileReference; fileEncoding = 4; lastKnownFileType = sourcecode.c.h; path = timer.h; sourceTree = "<group>"; };
		4D822B901C6F672D0083122E /* timer.c */ = {isa = PBXFileReference; fileEncoding = 4; lastKnownFileType = sourcecode.c.c; path = timer.c; sourceTree = "<group>"; };
		4D887C451C70BE18006EA5DA /* lodepng.c */ = {isa = PBXFileReference; fileEncoding = 4; lastKnownFileType = sourcecode.c.c; path = lodepng.c; sourceTree = "<group>"; };
		4D887C461C70BE18006EA5DA /* lodepng.h */ = {isa = PBXFileReference; fileEncoding = 4; lastKnownFileType = sourcecode.c.h; path = lodepng.h; sourceTree = "<group>"; };
		4D887C481C70BFCA006EA5DA /* texture.c */ = {isa = PBXFileReference; fileEncoding = 4; lastKnownFileType = sourcecode.c.c; path = texture.c; sourceTree = "<group>"; };
		4D887C491C70BFCA006EA5DA /* texture.h */ = {isa = PBXFileReference; fileEncoding = 4; lastKnownFileType = sourcecode.c.h; path = texture.h; sourceTree = "<group>"; };
		4DA028881C5131C80070AE6B /* res */ = {isa = PBXFileReference; lastKnownFileType = folder; name = res; path = ../res; sourceTree = "<group>"; };
		4DA028891C5131C80070AE6B /* scripts */ = {isa = PBXFileReference; lastKnownFileType = folder; name = scripts; path = ../scripts; sourceTree = "<group>"; };
		4DDA8DED1C4F5AE700ED5325 /* lapi.c */ = {isa = PBXFileReference; fileEncoding = 4; lastKnownFileType = sourcecode.c.c; path = lapi.c; sourceTree = "<group>"; };
		4DDA8DEE1C4F5AE700ED5325 /* lapi.h */ = {isa = PBXFileReference; fileEncoding = 4; lastKnownFileType = sourcecode.c.h; path = lapi.h; sourceTree = "<group>"; };
		4DDA8DEF1C4F5AE700ED5325 /* lauxlib.c */ = {isa = PBXFileReference; fileEncoding = 4; lastKnownFileType = sourcecode.c.c; path = lauxlib.c; sourceTree = "<group>"; };
		4DDA8DF01C4F5AE700ED5325 /* lauxlib.h */ = {isa = PBXFileReference; fileEncoding = 4; lastKnownFileType = sourcecode.c.h; path = lauxlib.h; sourceTree = "<group>"; };
		4DDA8DF11C4F5AE700ED5325 /* lbaselib.c */ = {isa = PBXFileReference; fileEncoding = 4; lastKnownFileType = sourcecode.c.c; path = lbaselib.c; sourceTree = "<group>"; };
		4DDA8DF21C4F5AE700ED5325 /* lbitlib.c */ = {isa = PBXFileReference; fileEncoding = 4; lastKnownFileType = sourcecode.c.c; path = lbitlib.c; sourceTree = "<group>"; };
		4DDA8DF31C4F5AE700ED5325 /* lcode.c */ = {isa = PBXFileReference; fileEncoding = 4; lastKnownFileType = sourcecode.c.c; path = lcode.c; sourceTree = "<group>"; };
		4DDA8DF41C4F5AE700ED5325 /* lcode.h */ = {isa = PBXFileReference; fileEncoding = 4; lastKnownFileType = sourcecode.c.h; path = lcode.h; sourceTree = "<group>"; };
		4DDA8DF51C4F5AE700ED5325 /* lcorolib.c */ = {isa = PBXFileReference; fileEncoding = 4; lastKnownFileType = sourcecode.c.c; path = lcorolib.c; sourceTree = "<group>"; };
		4DDA8DF61C4F5AE700ED5325 /* lctype.c */ = {isa = PBXFileReference; fileEncoding = 4; lastKnownFileType = sourcecode.c.c; path = lctype.c; sourceTree = "<group>"; };
		4DDA8DF71C4F5AE700ED5325 /* lctype.h */ = {isa = PBXFileReference; fileEncoding = 4; lastKnownFileType = sourcecode.c.h; path = lctype.h; sourceTree = "<group>"; };
		4DDA8DF81C4F5AE700ED5325 /* ldblib.c */ = {isa = PBXFileReference; fileEncoding = 4; lastKnownFileType = sourcecode.c.c; path = ldblib.c; sourceTree = "<group>"; };
		4DDA8DF91C4F5AE700ED5325 /* ldebug.c */ = {isa = PBXFileReference; fileEncoding = 4; lastKnownFileType = sourcecode.c.c; path = ldebug.c; sourceTree = "<group>"; };
		4DDA8DFA1C4F5AE700ED5325 /* ldebug.h */ = {isa = PBXFileReference; fileEncoding = 4; lastKnownFileType = sourcecode.c.h; path = ldebug.h; sourceTree = "<group>"; };
		4DDA8DFB1C4F5AE700ED5325 /* ldo.c */ = {isa = PBXFileReference; fileEncoding = 4; lastKnownFileType = sourcecode.c.c; path = ldo.c; sourceTree = "<group>"; };
		4DDA8DFC1C4F5AE700ED5325 /* ldo.h */ = {isa = PBXFileReference; fileEncoding = 4; lastKnownFileType = sourcecode.c.h; path = ldo.h; sourceTree = "<group>"; };
		4DDA8DFD1C4F5AE700ED5325 /* ldump.c */ = {isa = PBXFileReference; fileEncoding = 4; lastKnownFileType = sourcecode.c.c; path = ldump.c; sourceTree = "<group>"; };
		4DDA8DFE1C4F5AE700ED5325 /* lfunc.c */ = {isa = PBXFileReference; fileEncoding = 4; lastKnownFileType = sourcecode.c.c; path = lfunc.c; sourceTree = "<group>"; };
		4DDA8DFF1C4F5AE700ED5325 /* lfunc.h */ = {isa = PBXFileReference; fileEncoding = 4; lastKnownFileType = sourcecode.c.h; path = lfunc.h; sourceTree = "<group>"; };
		4DDA8E001C4F5AE700ED5325 /* lgc.c */ = {isa = PBXFileReference; fileEncoding = 4; lastKnownFileType = sourcecode.c.c; path = lgc.c; sourceTree = "<group>"; };
		4DDA8E011C4F5AE700ED5325 /* lgc.h */ = {isa = PBXFileReference; fileEncoding = 4; lastKnownFileType = sourcecode.c.h; path = lgc.h; sourceTree = "<group>"; };
		4DDA8E021C4F5AE700ED5325 /* linit.c */ = {isa = PBXFileReference; fileEncoding = 4; lastKnownFileType = sourcecode.c.c; path = linit.c; sourceTree = "<group>"; };
		4DDA8E031C4F5AE700ED5325 /* liolib.c */ = {isa = PBXFileReference; fileEncoding = 4; lastKnownFileType = sourcecode.c.c; path = liolib.c; sourceTree = "<group>"; };
		4DDA8E041C4F5AE700ED5325 /* llex.c */ = {isa = PBXFileReference; fileEncoding = 4; lastKnownFileType = sourcecode.c.c; path = llex.c; sourceTree = "<group>"; };
		4DDA8E051C4F5AE700ED5325 /* llex.h */ = {isa = PBXFileReference; fileEncoding = 4; lastKnownFileType = sourcecode.c.h; path = llex.h; sourceTree = "<group>"; };
		4DDA8E061C4F5AE700ED5325 /* llimits.h */ = {isa = PBXFileReference; fileEncoding = 4; lastKnownFileType = sourcecode.c.h; path = llimits.h; sourceTree = "<group>"; };
		4DDA8E071C4F5AE700ED5325 /* lmathlib.c */ = {isa = PBXFileReference; fileEncoding = 4; lastKnownFileType = sourcecode.c.c; path = lmathlib.c; sourceTree = "<group>"; };
		4DDA8E081C4F5AE700ED5325 /* lmem.c */ = {isa = PBXFileReference; fileEncoding = 4; lastKnownFileType = sourcecode.c.c; path = lmem.c; sourceTree = "<group>"; };
		4DDA8E091C4F5AE700ED5325 /* lmem.h */ = {isa = PBXFileReference; fileEncoding = 4; lastKnownFileType = sourcecode.c.h; path = lmem.h; sourceTree = "<group>"; };
		4DDA8E0A1C4F5AE700ED5325 /* loadlib.c */ = {isa = PBXFileReference; fileEncoding = 4; lastKnownFileType = sourcecode.c.c; path = loadlib.c; sourceTree = "<group>"; };
		4DDA8E0B1C4F5AE700ED5325 /* lobject.c */ = {isa = PBXFileReference; fileEncoding = 4; lastKnownFileType = sourcecode.c.c; path = lobject.c; sourceTree = "<group>"; };
		4DDA8E0C1C4F5AE700ED5325 /* lobject.h */ = {isa = PBXFileReference; fileEncoding = 4; lastKnownFileType = sourcecode.c.h; path = lobject.h; sourceTree = "<group>"; };
		4DDA8E0D1C4F5AE700ED5325 /* lopcodes.c */ = {isa = PBXFileReference; fileEncoding = 4; lastKnownFileType = sourcecode.c.c; path = lopcodes.c; sourceTree = "<group>"; };
		4DDA8E0E1C4F5AE700ED5325 /* lopcodes.h */ = {isa = PBXFileReference; fileEncoding = 4; lastKnownFileType = sourcecode.c.h; path = lopcodes.h; sourceTree = "<group>"; };
		4DDA8E0F1C4F5AE700ED5325 /* loslib.c */ = {isa = PBXFileReference; fileEncoding = 4; lastKnownFileType = sourcecode.c.c; path = loslib.c; sourceTree = "<group>"; };
		4DDA8E101C4F5AE700ED5325 /* lparser.c */ = {isa = PBXFileReference; fileEncoding = 4; lastKnownFileType = sourcecode.c.c; path = lparser.c; sourceTree = "<group>"; };
		4DDA8E111C4F5AE700ED5325 /* lparser.h */ = {isa = PBXFileReference; fileEncoding = 4; lastKnownFileType = sourcecode.c.h; path = lparser.h; sourceTree = "<group>"; };
		4DDA8E121C4F5AE700ED5325 /* lprefix.h */ = {isa = PBXFileReference; fileEncoding = 4; lastKnownFileType = sourcecode.c.h; path = lprefix.h; sourceTree = "<group>"; };
		4DDA8E131C4F5AE700ED5325 /* lstate.c */ = {isa = PBXFileReference; fileEncoding = 4; lastKnownFileType = sourcecode.c.c; path = lstate.c; sourceTree = "<group>"; };
		4DDA8E141C4F5AE700ED5325 /* lstate.h */ = {isa = PBXFileReference; fileEncoding = 4; lastKnownFileType = sourcecode.c.h; path = lstate.h; sourceTree = "<group>"; };
		4DDA8E151C4F5AE700ED5325 /* lstring.c */ = {isa = PBXFileReference; fileEncoding = 4; lastKnownFileType = sourcecode.c.c; path = lstring.c; sourceTree = "<group>"; };
		4DDA8E161C4F5AE700ED5325 /* lstring.h */ = {isa = PBXFileReference; fileEncoding = 4; lastKnownFileType = sourcecode.c.h; path = lstring.h; sourceTree = "<group>"; };
		4DDA8E171C4F5AE700ED5325 /* lstrlib.c */ = {isa = PBXFileReference; fileEncoding = 4; lastKnownFileType = sourcecode.c.c; path = lstrlib.c; sourceTree = "<group>"; };
		4DDA8E181C4F5AE700ED5325 /* ltable.c */ = {isa = PBXFileReference; fileEncoding = 4; lastKnownFileType = sourcecode.c.c; path = ltable.c; sourceTree = "<group>"; };
		4DDA8E191C4F5AE700ED5325 /* ltable.h */ = {isa = PBXFileReference; fileEncoding = 4; lastKnownFileType = sourcecode.c.h; path = ltable.h; sourceTree = "<group>"; };
		4DDA8E1A1C4F5AE700ED5325 /* ltablib.c */ = {isa = PBXFileReference; fileEncoding = 4; lastKnownFileType = sourcecode.c.c; path = ltablib.c; sourceTree = "<group>"; };
		4DDA8E1B1C4F5AE700ED5325 /* ltm.c */ = {isa = PBXFileReference; fileEncoding = 4; lastKnownFileType = sourcecode.c.c; path = ltm.c; sourceTree = "<group>"; };
		4DDA8E1C1C4F5AE700ED5325 /* ltm.h */ = {isa = PBXFileReference; fileEncoding = 4; lastKnownFileType = sourcecode.c.h; path = ltm.h; sourceTree = "<group>"; };
		4DDA8E1E1C4F5AE700ED5325 /* lua.h */ = {isa = PBXFileReference; fileEncoding = 4; lastKnownFileType = sourcecode.c.h; path = lua.h; sourceTree = "<group>"; };
		4DDA8E1F1C4F5AE700ED5325 /* lua.hpp */ = {isa = PBXFileReference; fileEncoding = 4; lastKnownFileType = sourcecode.cpp.h; path = lua.hpp; sourceTree = "<group>"; };
		4DDA8E211C4F5AE700ED5325 /* luaconf.h */ = {isa = PBXFileReference; fileEncoding = 4; lastKnownFileType = sourcecode.c.h; path = luaconf.h; sourceTree = "<group>"; };
		4DDA8E221C4F5AE700ED5325 /* lualib.h */ = {isa = PBXFileReference; fileEncoding = 4; lastKnownFileType = sourcecode.c.h; path = lualib.h; sourceTree = "<group>"; };
		4DDA8E231C4F5AE700ED5325 /* lundump.c */ = {isa = PBXFileReference; fileEncoding = 4; lastKnownFileType = sourcecode.c.c; path = lundump.c; sourceTree = "<group>"; };
		4DDA8E241C4F5AE700ED5325 /* lundump.h */ = {isa = PBXFileReference; fileEncoding = 4; lastKnownFileType = sourcecode.c.h; path = lundump.h; sourceTree = "<group>"; };
		4DDA8E251C4F5AE700ED5325 /* lutf8lib.c */ = {isa = PBXFileReference; fileEncoding = 4; lastKnownFileType = sourcecode.c.c; path = lutf8lib.c; sourceTree = "<group>"; };
		4DDA8E261C4F5AE700ED5325 /* lvm.c */ = {isa = PBXFileReference; fileEncoding = 4; lastKnownFileType = sourcecode.c.c; path = lvm.c; sourceTree = "<group>"; };
		4DDA8E271C4F5AE700ED5325 /* lvm.h */ = {isa = PBXFileReference; fileEncoding = 4; lastKnownFileType = sourcecode.c.h; path = lvm.h; sourceTree = "<group>"; };
		4DDA8E281C4F5AE700ED5325 /* lzio.c */ = {isa = PBXFileReference; fileEncoding = 4; lastKnownFileType = sourcecode.c.c; path = lzio.c; sourceTree = "<group>"; };
		4DDA8E291C4F5AE700ED5325 /* lzio.h */ = {isa = PBXFileReference; fileEncoding = 4; lastKnownFileType = sourcecode.c.h; path = lzio.h; sourceTree = "<group>"; };
		4DDA8E941C4F5C6700ED5325 /* CoreAudio.framework */ = {isa = PBXFileReference; lastKnownFileType = wrapper.framework; name = CoreAudio.framework; path = System/Library/Frameworks/CoreAudio.framework; sourceTree = SDKROOT; };
		4DDA8E951C4F5C6700ED5325 /* CoreAudioKit.framework */ = {isa = PBXFileReference; lastKnownFileType = wrapper.framework; name = CoreAudioKit.framework; path = System/Library/Frameworks/CoreAudioKit.framework; sourceTree = SDKROOT; };
		4DDA8E991C4F5C8200ED5325 /* CoreVideo.framework */ = {isa = PBXFileReference; lastKnownFileType = wrapper.framework; name = CoreVideo.framework; path = System/Library/Frameworks/CoreVideo.framework; sourceTree = SDKROOT; };
		4DDA8E9B1C4F5C8E00ED5325 /* ForceFeedback.framework */ = {isa = PBXFileReference; lastKnownFileType = wrapper.framework; name = ForceFeedback.framework; path = System/Library/Frameworks/ForceFeedback.framework; sourceTree = SDKROOT; };
		4DDA8E9D1C4F5C9200ED5325 /* IOKit.framework */ = {isa = PBXFileReference; lastKnownFileType = wrapper.framework; name = IOKit.framework; path = System/Library/Frameworks/IOKit.framework; sourceTree = SDKROOT; };
		4DDA8E9F1C4F5C9900ED5325 /* Carbon.framework */ = {isa = PBXFileReference; lastKnownFileType = wrapper.framework; name = Carbon.framework; path = System/Library/Frameworks/Carbon.framework; sourceTree = SDKROOT; };
		4DDA8EA11C4F5C9D00ED5325 /* AudioUnit.framework */ = {isa = PBXFileReference; lastKnownFileType = wrapper.framework; name = AudioUnit.framework; path = System/Library/Frameworks/AudioUnit.framework; sourceTree = SDKROOT; };
		4DDA8EA31C4F5CA300ED5325 /* CoreFoundation.framework */ = {isa = PBXFileReference; lastKnownFileType = wrapper.framework; name = CoreFoundation.framework; path = System/Library/Frameworks/CoreFoundation.framework; sourceTree = SDKROOT; };
		4DDF63941C4E057B008A44CE /* Cocoa.framework */ = {isa = PBXFileReference; lastKnownFileType = wrapper.framework; name = Cocoa.framework; path = System/Library/Frameworks/Cocoa.framework; sourceTree = SDKROOT; };
		4DE47B3E1C7ACAC2001D2F8C /* sprite_batch.c */ = {isa = PBXFileReference; fileEncoding = 4; lastKnownFileType = sourcecode.c.c; path = sprite_batch.c; sourceTree = "<group>"; };
		4DE47B3F1C7ACAC2001D2F8C /* sprite_batch.h */ = {isa = PBXFileReference; fileEncoding = 4; lastKnownFileType = sourcecode.c.h; path = sprite_batch.h; sourceTree = "<group>"; };
		4DE47B431C7ACBA5001D2F8C /* array.c */ = {isa = PBXFileReference; fileEncoding = 4; lastKnownFileType = sourcecode.c.c; path = array.c; sourceTree = "<group>"; };
		4DE47B441C7ACBA5001D2F8C /* array.h */ = {isa = PBXFileReference; fileEncoding = 4; lastKnownFileType = sourcecode.c.h; path = array.h; sourceTree = "<group>"; };
		4DE47B471C7AD8C8001D2F8C /* test_array.c */ = {isa = PBXFileReference; fileEncoding = 4; lastKnownFileType = sourcecode.c.c; path = test_array.c; sourceTree = "<group>"; };
		4DE4D1B51C74058200410891 /* test_array_map.c */ = {isa = PBXFileReference; fileEncoding = 4; lastKnownFileType = sourcecode.c.c; path = test_array_map.c; sourceTree = "<group>"; };
		4DE4D1B81C74059400410891 /* test.h */ = {isa = PBXFileReference; lastKnownFileType = sourcecode.c.h; path = test.h; sourceTree = "<group>"; };
		4DE4D1FA1C74078B00410891 /* yuusha copy */ = {isa = PBXFileReference; explicitFileType = "compiled.mach-o.executable"; includeInIndex = 0; path = "yuusha copy"; sourceTree = BUILT_PRODUCTS_DIR; };
		4DE4D1FC1C74279700410891 /* render.c */ = {isa = PBXFileReference; fileEncoding = 4; lastKnownFileType = sourcecode.c.c; path = render.c; sourceTree = "<group>"; };
		4DE4D1FD1C74279700410891 /* render.h */ = {isa = PBXFileReference; fileEncoding = 4; lastKnownFileType = sourcecode.c.h; path = render.h; sourceTree = "<group>"; };
		4DE4D2001C7461C700410891 /* camera.h */ = {isa = PBXFileReference; fileEncoding = 4; lastKnownFileType = sourcecode.c.h; path = camera.h; sourceTree = "<group>"; };
		4DE4D2021C7467E200410891 /* matrix.c */ = {isa = PBXFileReference; fileEncoding = 4; lastKnownFileType = sourcecode.c.c; path = matrix.c; sourceTree = "<group>"; };
		4DE4D2031C7467E200410891 /* matrix.h */ = {isa = PBXFileReference; fileEncoding = 4; lastKnownFileType = sourcecode.c.h; path = matrix.h; sourceTree = "<group>"; };
		4DE620FC1C7856AE0073C71A /* camera.c */ = {isa = PBXFileReference; fileEncoding = 4; lastKnownFileType = sourcecode.c.c; path = camera.c; sourceTree = "<group>"; };
		4DE642B71C5B3BCA003EBBC0 /* laffine.c */ = {isa = PBXFileReference; fileEncoding = 4; lastKnownFileType = sourcecode.c.c; path = laffine.c; sourceTree = "<group>"; };
		4DE642B81C5B3BCA003EBBC0 /* lopen.c */ = {isa = PBXFileReference; fileEncoding = 4; lastKnownFileType = sourcecode.c.c; path = lopen.c; sourceTree = "<group>"; };
		4DE642B91C5B3BCA003EBBC0 /* lopen.h */ = {isa = PBXFileReference; fileEncoding = 4; lastKnownFileType = sourcecode.c.h; path = lopen.h; sourceTree = "<group>"; };
		4DE642BD1C5B3BCA003EBBC0 /* lseal_core.c */ = {isa = PBXFileReference; fileEncoding = 4; lastKnownFileType = sourcecode.c.c; path = lseal_core.c; sourceTree = "<group>"; };
		4DE642BF1C5B3BCA003EBBC0 /* affine.c */ = {isa = PBXFileReference; fileEncoding = 4; lastKnownFileType = sourcecode.c.c; path = affine.c; sourceTree = "<group>"; };
		4DE642C01C5B3BCA003EBBC0 /* affine.h */ = {isa = PBXFileReference; fileEncoding = 4; lastKnownFileType = sourcecode.c.h; path = affine.h; sourceTree = "<group>"; };
		4DE642C11C5B3BCA003EBBC0 /* seal.c */ = {isa = PBXFileReference; fileEncoding = 4; lastKnownFileType = sourcecode.c.c; path = seal.c; sourceTree = "<group>"; };
		4DE642C21C5B3BCA003EBBC0 /* seal.h */ = {isa = PBXFileReference; fileEncoding = 4; lastKnownFileType = sourcecode.c.h; path = seal.h; sourceTree = "<group>"; };
		4DF5F5BE1C4C8CFC0080A8EB /* yuusha */ = {isa = PBXFileReference; explicitFileType = "compiled.mach-o.executable"; includeInIndex = 0; path = yuusha; sourceTree = BUILT_PRODUCTS_DIR; };
/* End PBXFileReference section */

/* Begin PBXFrameworksBuildPhase section */
		4DE4D1BA1C74078B00410891 /* Frameworks */ = {
			isa = PBXFrameworksBuildPhase;
			buildActionMask = 2147483647;
			files = (
				4DE4D1BB1C74078B00410891 /* libglfw3.a in Frameworks */,
				4DE4D1BC1C74078B00410891 /* OpenGL.framework in Frameworks */,
				4DE4D1BD1C74078B00410891 /* CoreFoundation.framework in Frameworks */,
				4DE4D1BE1C74078B00410891 /* AudioUnit.framework in Frameworks */,
				4DE4D1BF1C74078B00410891 /* Carbon.framework in Frameworks */,
				4DE4D1C01C74078B00410891 /* IOKit.framework in Frameworks */,
				4DE4D1C11C74078B00410891 /* ForceFeedback.framework in Frameworks */,
				4DE4D1C21C74078B00410891 /* CoreVideo.framework in Frameworks */,
				4DE4D1C31C74078B00410891 /* CoreAudio.framework in Frameworks */,
				4DE4D1C41C74078B00410891 /* Cocoa.framework in Frameworks */,
			);
			runOnlyForDeploymentPostprocessing = 0;
		};
		4DF5F5BB1C4C8CFC0080A8EB /* Frameworks */ = {
			isa = PBXFrameworksBuildPhase;
			buildActionMask = 2147483647;
			files = (
				4D822B8D1C6F66400083122E /* libglfw3.a in Frameworks */,
				4D77985C1C6F0B5100021ED6 /* OpenGL.framework in Frameworks */,
				4DDA8EA41C4F5CA300ED5325 /* CoreFoundation.framework in Frameworks */,
				4DDA8EA21C4F5C9D00ED5325 /* AudioUnit.framework in Frameworks */,
				4DDA8EA01C4F5C9900ED5325 /* Carbon.framework in Frameworks */,
				4DDA8E9E1C4F5C9200ED5325 /* IOKit.framework in Frameworks */,
				4DDA8E9C1C4F5C8E00ED5325 /* ForceFeedback.framework in Frameworks */,
				4DDA8E9A1C4F5C8200ED5325 /* CoreVideo.framework in Frameworks */,
				4DDA8E961C4F5C6700ED5325 /* CoreAudio.framework in Frameworks */,
				4DDF63951C4E057B008A44CE /* Cocoa.framework in Frameworks */,
			);
			runOnlyForDeploymentPostprocessing = 0;
		};
/* End PBXFrameworksBuildPhase section */

/* Begin PBXGroup section */
		4D822B7A1C6F5DCE0083122E /* base */ = {
			isa = PBXGroup;
			children = (
				4D6D56B61C737F5B00328A62 /* array_map.c */,
				4D6D56B71C737F5B00328A62 /* array_map.h */,
				4D822B7B1C6F5DCE0083122E /* list.h */,
				4DE47B431C7ACBA5001D2F8C /* array.c */,
				4DE47B441C7ACBA5001D2F8C /* array.h */,
			);
			path = base;
			sourceTree = "<group>";
		};
		4D822B7C1C6F61670083122E /* native */ = {
			isa = PBXGroup;
			children = (
				4D822B7D1C6F61670083122E /* main.c */,
			);
			path = native;
			sourceTree = "<group>";
		};
		4D822B7F1C6F621E0083122E /* platform */ = {
			isa = PBXGroup;
			children = (
				4D822B861C6F62490083122E /* fs.c */,
				4D822B871C6F62490083122E /* fs.h */,
				4D822B8F1C6F67250083122E /* timer.h */,
				4D822B901C6F672D0083122E /* timer.c */,
			);
			path = platform;
			sourceTree = "<group>";
		};
		4D887C441C70BE18006EA5DA /* image */ = {
			isa = PBXGroup;
			children = (
				4D887C451C70BE18006EA5DA /* lodepng.c */,
				4D887C461C70BE18006EA5DA /* lodepng.h */,
			);
			path = image;
			sourceTree = "<group>";
		};
		4DA700531C4E852E0007549F /* Resources */ = {
			isa = PBXGroup;
			children = (
				4DA028881C5131C80070AE6B /* res */,
				4DA028891C5131C80070AE6B /* scripts */,
			);
			name = Resources;
			sourceTree = "<group>";
		};
		4DDA8DDE1C4F5AE700ED5325 /* lua-5.3.2 */ = {
			isa = PBXGroup;
			children = (
				4DDA8DEC1C4F5AE700ED5325 /* src */,
			);
			name = "lua-5.3.2";
			path = "../../../libs/lua-5.3.2";
			sourceTree = SOURCE_ROOT;
		};
		4DDA8DEC1C4F5AE700ED5325 /* src */ = {
			isa = PBXGroup;
			children = (
				4DDA8DED1C4F5AE700ED5325 /* lapi.c */,
				4DDA8DEE1C4F5AE700ED5325 /* lapi.h */,
				4DDA8DEF1C4F5AE700ED5325 /* lauxlib.c */,
				4DDA8DF01C4F5AE700ED5325 /* lauxlib.h */,
				4DDA8DF11C4F5AE700ED5325 /* lbaselib.c */,
				4DDA8DF21C4F5AE700ED5325 /* lbitlib.c */,
				4DDA8DF31C4F5AE700ED5325 /* lcode.c */,
				4DDA8DF41C4F5AE700ED5325 /* lcode.h */,
				4DDA8DF51C4F5AE700ED5325 /* lcorolib.c */,
				4DDA8DF61C4F5AE700ED5325 /* lctype.c */,
				4DDA8DF71C4F5AE700ED5325 /* lctype.h */,
				4DDA8DF81C4F5AE700ED5325 /* ldblib.c */,
				4DDA8DF91C4F5AE700ED5325 /* ldebug.c */,
				4DDA8DFA1C4F5AE700ED5325 /* ldebug.h */,
				4DDA8DFB1C4F5AE700ED5325 /* ldo.c */,
				4DDA8DFC1C4F5AE700ED5325 /* ldo.h */,
				4DDA8DFD1C4F5AE700ED5325 /* ldump.c */,
				4DDA8DFE1C4F5AE700ED5325 /* lfunc.c */,
				4DDA8DFF1C4F5AE700ED5325 /* lfunc.h */,
				4DDA8E001C4F5AE700ED5325 /* lgc.c */,
				4DDA8E011C4F5AE700ED5325 /* lgc.h */,
				4DDA8E021C4F5AE700ED5325 /* linit.c */,
				4DDA8E031C4F5AE700ED5325 /* liolib.c */,
				4DDA8E041C4F5AE700ED5325 /* llex.c */,
				4DDA8E051C4F5AE700ED5325 /* llex.h */,
				4DDA8E061C4F5AE700ED5325 /* llimits.h */,
				4DDA8E071C4F5AE700ED5325 /* lmathlib.c */,
				4DDA8E081C4F5AE700ED5325 /* lmem.c */,
				4DDA8E091C4F5AE700ED5325 /* lmem.h */,
				4DDA8E0A1C4F5AE700ED5325 /* loadlib.c */,
				4DDA8E0B1C4F5AE700ED5325 /* lobject.c */,
				4DDA8E0C1C4F5AE700ED5325 /* lobject.h */,
				4DDA8E0D1C4F5AE700ED5325 /* lopcodes.c */,
				4DDA8E0E1C4F5AE700ED5325 /* lopcodes.h */,
				4DDA8E0F1C4F5AE700ED5325 /* loslib.c */,
				4DDA8E101C4F5AE700ED5325 /* lparser.c */,
				4DDA8E111C4F5AE700ED5325 /* lparser.h */,
				4DDA8E121C4F5AE700ED5325 /* lprefix.h */,
				4DDA8E131C4F5AE700ED5325 /* lstate.c */,
				4DDA8E141C4F5AE700ED5325 /* lstate.h */,
				4DDA8E151C4F5AE700ED5325 /* lstring.c */,
				4DDA8E161C4F5AE700ED5325 /* lstring.h */,
				4DDA8E171C4F5AE700ED5325 /* lstrlib.c */,
				4DDA8E181C4F5AE700ED5325 /* ltable.c */,
				4DDA8E191C4F5AE700ED5325 /* ltable.h */,
				4DDA8E1A1C4F5AE700ED5325 /* ltablib.c */,
				4DDA8E1B1C4F5AE700ED5325 /* ltm.c */,
				4DDA8E1C1C4F5AE700ED5325 /* ltm.h */,
				4DDA8E1E1C4F5AE700ED5325 /* lua.h */,
				4DDA8E1F1C4F5AE700ED5325 /* lua.hpp */,
				4DDA8E211C4F5AE700ED5325 /* luaconf.h */,
				4DDA8E221C4F5AE700ED5325 /* lualib.h */,
				4DDA8E231C4F5AE700ED5325 /* lundump.c */,
				4DDA8E241C4F5AE700ED5325 /* lundump.h */,
				4DDA8E251C4F5AE700ED5325 /* lutf8lib.c */,
				4DDA8E261C4F5AE700ED5325 /* lvm.c */,
				4DDA8E271C4F5AE700ED5325 /* lvm.h */,
				4DDA8E281C4F5AE700ED5325 /* lzio.c */,
				4DDA8E291C4F5AE700ED5325 /* lzio.h */,
			);
			path = src;
			sourceTree = "<group>";
		};
		4DDF63961C4E0585008A44CE /* Frameworks */ = {
			isa = PBXGroup;
			children = (
				4D822B8C1C6F66400083122E /* libglfw3.a */,
				4D77985B1C6F0B5100021ED6 /* OpenGL.framework */,
				4DDA8EA31C4F5CA300ED5325 /* CoreFoundation.framework */,
				4DDA8EA11C4F5C9D00ED5325 /* AudioUnit.framework */,
				4DDA8E9F1C4F5C9900ED5325 /* Carbon.framework */,
				4DDA8E9D1C4F5C9200ED5325 /* IOKit.framework */,
				4DDA8E9B1C4F5C8E00ED5325 /* ForceFeedback.framework */,
				4DDA8E991C4F5C8200ED5325 /* CoreVideo.framework */,
				4DDA8E941C4F5C6700ED5325 /* CoreAudio.framework */,
				4DDA8E951C4F5C6700ED5325 /* CoreAudioKit.framework */,
				4DDF63941C4E057B008A44CE /* Cocoa.framework */,
			);
			name = Frameworks;
			sourceTree = "<group>";
		};
		4DE4D1B31C74056000410891 /* tests */ = {
			isa = PBXGroup;
			children = (
				4DE4D1B41C74056000410891 /* unit_test */,
			);
			path = tests;
			sourceTree = "<group>";
		};
		4DE4D1B41C74056000410891 /* unit_test */ = {
			isa = PBXGroup;
			children = (
				4DE47B471C7AD8C8001D2F8C /* test_array.c */,
				4DE4D1B51C74058200410891 /* test_array_map.c */,
				4DE4D1B81C74059400410891 /* test.h */,
			);
			path = unit_test;
			sourceTree = "<group>";
		};
		4DE642B51C5B3BCA003EBBC0 /* seal */ = {
			isa = PBXGroup;
			children = (
				4DE4D1B31C74056000410891 /* tests */,
				4D887C441C70BE18006EA5DA /* image */,
				4D822B7F1C6F621E0083122E /* platform */,
				4D822B7A1C6F5DCE0083122E /* base */,
				4DE642B61C5B3BCA003EBBC0 /* binding */,
				4DE642BE1C5B3BCA003EBBC0 /* math */,
				4D822B761C6F5CE60083122E /* memory.c */,
				4D822B771C6F5CE60083122E /* memory.h */,
				4DE642C11C5B3BCA003EBBC0 /* seal.c */,
				4DE642C21C5B3BCA003EBBC0 /* seal.h */,
				4D7798641C6F0EC800021ED6 /* sprite.c */,
				4D7798651C6F0EC800021ED6 /* sprite.h */,
				4D7798681C6F0FF900021ED6 /* vertex.h */,
				4D887C481C70BFCA006EA5DA /* texture.c */,
				4D887C491C70BFCA006EA5DA /* texture.h */,
				4D77986C1C6F229700021ED6 /* shader.c */,
				4D77986D1C6F229700021ED6 /* shader.h */,
				4DE4D1FC1C74279700410891 /* render.c */,
				4DE4D1FD1C74279700410891 /* render.h */,
				4DE620FC1C7856AE0073C71A /* camera.c */,
				4DE4D2001C7461C700410891 /* camera.h */,
				4DE47B3E1C7ACAC2001D2F8C /* sprite_batch.c */,
				4DE47B3F1C7ACAC2001D2F8C /* sprite_batch.h */,
			);
			name = seal;
			path = ../../../seal;
			sourceTree = "<group>";
		};
		4DE642B61C5B3BCA003EBBC0 /* binding */ = {
			isa = PBXGroup;
			children = (
				4DE642B71C5B3BCA003EBBC0 /* laffine.c */,
				4DE642B81C5B3BCA003EBBC0 /* lopen.c */,
				4DE642B91C5B3BCA003EBBC0 /* lopen.h */,
				4DE642BD1C5B3BCA003EBBC0 /* lseal_core.c */,
			);
			path = binding;
			sourceTree = "<group>";
		};
		4DE642BE1C5B3BCA003EBBC0 /* math */ = {
			isa = PBXGroup;
			children = (
				4DE642BF1C5B3BCA003EBBC0 /* affine.c */,
				4DE642C01C5B3BCA003EBBC0 /* affine.h */,
				4DE4D2021C7467E200410891 /* matrix.c */,
				4DE4D2031C7467E200410891 /* matrix.h */,
			);
			path = math;
			sourceTree = "<group>";
		};
		4DF5F5B51C4C8CFC0080A8EB = {
			isa = PBXGroup;
			children = (
				4DDA8DDE1C4F5AE700ED5325 /* lua-5.3.2 */,
				4DE642B51C5B3BCA003EBBC0 /* seal */,
				4D822B7C1C6F61670083122E /* native */,
				4DA700531C4E852E0007549F /* Resources */,
				4DDF63961C4E0585008A44CE /* Frameworks */,
				4DF5F5BF1C4C8CFC0080A8EB /* Products */,
			);
			sourceTree = "<group>";
		};
		4DF5F5BF1C4C8CFC0080A8EB /* Products */ = {
			isa = PBXGroup;
			children = (
				4DF5F5BE1C4C8CFC0080A8EB /* yuusha */,
				4DE4D1FA1C74078B00410891 /* yuusha copy */,
			);
			name = Products;
			sourceTree = "<group>";
		};
/* End PBXGroup section */

/* Begin PBXNativeTarget section */
		4DE4D1B91C74078B00410891 /* test */ = {
			isa = PBXNativeTarget;
			buildConfigurationList = 4DE4D1F71C74078B00410891 /* Build configuration list for PBXNativeTarget "test" */;
			buildPhases = (
				4DE4D1BA1C74078B00410891 /* Frameworks */,
				4DE4D1C51C74078B00410891 /* Sources */,
				4DE4D1F61C74078B00410891 /* CopyFiles */,
			);
			buildRules = (
			);
			dependencies = (
			);
			name = test;
			productName = yuusha;
			productReference = 4DE4D1FA1C74078B00410891 /* yuusha copy */;
			productType = "com.apple.product-type.tool";
		};
		4DF5F5BD1C4C8CFC0080A8EB /* yuusha */ = {
			isa = PBXNativeTarget;
			buildConfigurationList = 4DF5F5C51C4C8CFC0080A8EB /* Build configuration list for PBXNativeTarget "yuusha" */;
			buildPhases = (
				4DF5F5BB1C4C8CFC0080A8EB /* Frameworks */,
				4DF5F5BA1C4C8CFC0080A8EB /* Sources */,
				4DF5F5BC1C4C8CFC0080A8EB /* CopyFiles */,
			);
			buildRules = (
			);
			dependencies = (
			);
			name = yuusha;
			productName = yuusha;
			productReference = 4DF5F5BE1C4C8CFC0080A8EB /* yuusha */;
			productType = "com.apple.product-type.tool";
		};
/* End PBXNativeTarget section */

/* Begin PBXProject section */
		4DF5F5B61C4C8CFC0080A8EB /* Project object */ = {
			isa = PBXProject;
			attributes = {
				LastUpgradeCheck = 0610;
				ORGANIZATIONNAME = levelmax;
				TargetAttributes = {
					4DF5F5BD1C4C8CFC0080A8EB = {
						CreatedOnToolsVersion = 6.1.1;
					};
				};
			};
			buildConfigurationList = 4DF5F5B91C4C8CFC0080A8EB /* Build configuration list for PBXProject "yuusha" */;
			compatibilityVersion = "Xcode 3.2";
			developmentRegion = English;
			hasScannedForEncodings = 0;
			knownRegions = (
				en,
			);
			mainGroup = 4DF5F5B51C4C8CFC0080A8EB;
			productRefGroup = 4DF5F5BF1C4C8CFC0080A8EB /* Products */;
			projectDirPath = "";
			projectRoot = "";
			targets = (
				4DF5F5BD1C4C8CFC0080A8EB /* yuusha */,
				4DE4D1B91C74078B00410891 /* test */,
			);
		};
/* End PBXProject section */

/* Begin PBXSourcesBuildPhase section */
		4DE4D1C51C74078B00410891 /* Sources */ = {
			isa = PBXSourcesBuildPhase;
			buildActionMask = 2147483647;
			files = (
				4DE4D1C61C74078B00410891 /* lcode.c in Sources */,
				4DE4D1C71C74078B00410891 /* lcorolib.c in Sources */,
				4DE4D1C81C74078B00410891 /* lfunc.c in Sources */,
				4DE4D1C91C74078B00410891 /* ldebug.c in Sources */,
				4DE4D1CA1C74078B00410891 /* lodepng.c in Sources */,
				4DE4D1CB1C74078B00410891 /* liolib.c in Sources */,
				4DE4D1CC1C74078B00410891 /* array_map.c in Sources */,
				4DE4D1CD1C74078B00410891 /* laffine.c in Sources */,
				4DE4D1CE1C74078B00410891 /* lseal_core.c in Sources */,
				4DE4D1CF1C74078B00410891 /* loslib.c in Sources */,
				4DE4D1D01C74078B00410891 /* lbaselib.c in Sources */,
				4DE4D1D11C74078B00410891 /* ltm.c in Sources */,
				4DE4D1D21C74078B00410891 /* ldblib.c in Sources */,
				4DE4D1D31C74078B00410891 /* lbitlib.c in Sources */,
				4DE4D1D41C74078B00410891 /* linit.c in Sources */,
				4DE47B411C7ACAC2001D2F8C /* sprite_batch.c in Sources */,
				4DE4D1D51C74078B00410891 /* shader.c in Sources */,
				4DE4D1D61C74078B00410891 /* lmem.c in Sources */,
				4DE4D1D71C74078B00410891 /* seal.c in Sources */,
				4DE4D1D81C74078B00410891 /* fs.c in Sources */,
				4DE47B4B1C7ADB2B001D2F8C /* matrix.c in Sources */,
				4DE4D1D91C74078B00410891 /* ldump.c in Sources */,
				4DE47B461C7ACBA5001D2F8C /* array.c in Sources */,
				4DE4D1DA1C74078B00410891 /* lstring.c in Sources */,
				4DE4D1DB1C74078B00410891 /* lapi.c in Sources */,
				4DE4D1DC1C74078B00410891 /* lstate.c in Sources */,
				4DE4D1DD1C74078B00410891 /* main.c in Sources */,
				4DE4D1DE1C74078B00410891 /* lopcodes.c in Sources */,
				4DE4D1DF1C74078B00410891 /* lopen.c in Sources */,
				4DE4D1E01C74078B00410891 /* lutf8lib.c in Sources */,
				4DE4D1E11C74078B00410891 /* timer.c in Sources */,
				4DE4D1E21C74078B00410891 /* test_array_map.c in Sources */,
				4DE4D1E31C74078B00410891 /* sprite.c in Sources */,
				4DE4D1E41C74078B00410891 /* llex.c in Sources */,
				4DE4D1E51C74078B00410891 /* lundump.c in Sources */,
				4DE4D1E61C74078B00410891 /* lvm.c in Sources */,
				4DE4D1E71C74078B00410891 /* ldo.c in Sources */,
				4DE4D1E81C74078B00410891 /* memory.c in Sources */,
				4DE4D1E91C74078B00410891 /* loadlib.c in Sources */,
				4DE4D1EA1C74078B00410891 /* lobject.c in Sources */,
				4DE47B4A1C7AD8C8001D2F8C /* test_array.c in Sources */,
				4DE4D1EB1C74078B00410891 /* ltablib.c in Sources */,
				4DE4D1EC1C74078B00410891 /* lstrlib.c in Sources */,
				4DE4D1ED1C74078B00410891 /* lmathlib.c in Sources */,
				4DE4D1EE1C74078B00410891 /* lgc.c in Sources */,
				4DE4D1EF1C74078B00410891 /* texture.c in Sources */,
				4DE4D1F01C74078B00410891 /* lctype.c in Sources */,
				4DE4D1F11C74078B00410891 /* lauxlib.c in Sources */,
				4DE620FE1C7856AE0073C71A /* camera.c in Sources */,
				4DE4D1F21C74078B00410891 /* affine.c in Sources */,
				4DE4D1F31C74078B00410891 /* lparser.c in Sources */,
				4DE4D1F41C74078B00410891 /* lzio.c in Sources */,
				4DE4D1F51C74078B00410891 /* ltable.c in Sources */,
			);
			runOnlyForDeploymentPostprocessing = 0;
		};
		4DF5F5BA1C4C8CFC0080A8EB /* Sources */ = {
			isa = PBXSourcesBuildPhase;
			buildActionMask = 2147483647;
			files = (
				4DDA8E301C4F5AE700ED5325 /* lcode.c in Sources */,
				4DDA8E311C4F5AE700ED5325 /* lcorolib.c in Sources */,
				4DDA8E371C4F5AE700ED5325 /* lfunc.c in Sources */,
				4DDA8E341C4F5AE700ED5325 /* ldebug.c in Sources */,
				4D887C471C70BE18006EA5DA /* lodepng.c in Sources */,
				4DDA8E3A1C4F5AE700ED5325 /* liolib.c in Sources */,
				4D6D56B81C737F5B00328A62 /* array_map.c in Sources */,
				4DE642C31C5B3BCA003EBBC0 /* laffine.c in Sources */,
				4DE642C81C5B3BCA003EBBC0 /* lseal_core.c in Sources */,
				4DDA8E411C4F5AE700ED5325 /* loslib.c in Sources */,
				4DDA8E2E1C4F5AE700ED5325 /* lbaselib.c in Sources */,
				4DDA8E481C4F5AE700ED5325 /* ltm.c in Sources */,
				4DDA8E331C4F5AE700ED5325 /* ldblib.c in Sources */,
				4DDA8E2F1C4F5AE700ED5325 /* lbitlib.c in Sources */,
				4DE47B451C7ACBA5001D2F8C /* array.c in Sources */,
				4DDA8E391C4F5AE700ED5325 /* linit.c in Sources */,
				4D77986E1C6F229700021ED6 /* shader.c in Sources */,
				4DDA8E3D1C4F5AE700ED5325 /* lmem.c in Sources */,
				4DE642CA1C5B3BCA003EBBC0 /* seal.c in Sources */,
				4D822B8A1C6F62490083122E /* fs.c in Sources */,
				4DDA8E361C4F5AE700ED5325 /* ldump.c in Sources */,
				4DDA8E441C4F5AE700ED5325 /* lstring.c in Sources */,
				4DDA8E2C1C4F5AE700ED5325 /* lapi.c in Sources */,
				4DDA8E431C4F5AE700ED5325 /* lstate.c in Sources */,
				4DE47B401C7ACAC2001D2F8C /* sprite_batch.c in Sources */,
				4D822B7E1C6F61670083122E /* main.c in Sources */,
				4DDA8E401C4F5AE700ED5325 /* lopcodes.c in Sources */,
				4DE642C41C5B3BCA003EBBC0 /* lopen.c in Sources */,
				4DE4D2041C7467E200410891 /* matrix.c in Sources */,
				4DDA8E4C1C4F5AE700ED5325 /* lutf8lib.c in Sources */,
				4D822B911C6F672D0083122E /* timer.c in Sources */,
				4DE4D1B71C74058200410891 /* test_array_map.c in Sources */,
				4D7798661C6F0EC800021ED6 /* sprite.c in Sources */,
				4DDA8E3B1C4F5AE700ED5325 /* llex.c in Sources */,
				4DDA8E4B1C4F5AE700ED5325 /* lundump.c in Sources */,
				4DDA8E4D1C4F5AE700ED5325 /* lvm.c in Sources */,
				4DDA8E351C4F5AE700ED5325 /* ldo.c in Sources */,
				4D822B781C6F5CE60083122E /* memory.c in Sources */,
				4DE4D1FE1C74279700410891 /* render.c in Sources */,
				4DDA8E3E1C4F5AE700ED5325 /* loadlib.c in Sources */,
				4DDA8E3F1C4F5AE700ED5325 /* lobject.c in Sources */,
				4DDA8E471C4F5AE700ED5325 /* ltablib.c in Sources */,
				4DE620FD1C7856AE0073C71A /* camera.c in Sources */,
				4DDA8E451C4F5AE700ED5325 /* lstrlib.c in Sources */,
				4DDA8E3C1C4F5AE700ED5325 /* lmathlib.c in Sources */,
				4DDA8E381C4F5AE700ED5325 /* lgc.c in Sources */,
				4D887C4A1C70BFCA006EA5DA /* texture.c in Sources */,
				4DDA8E321C4F5AE700ED5325 /* lctype.c in Sources */,
				4DDA8E2D1C4F5AE700ED5325 /* lauxlib.c in Sources */,
				4DE642C91C5B3BCA003EBBC0 /* affine.c in Sources */,
				4DDA8E421C4F5AE700ED5325 /* lparser.c in Sources */,
				4DE47B491C7AD8C8001D2F8C /* test_array.c in Sources */,
				4DDA8E4E1C4F5AE700ED5325 /* lzio.c in Sources */,
				4DDA8E461C4F5AE700ED5325 /* ltable.c in Sources */,
			);
			runOnlyForDeploymentPostprocessing = 0;
		};
/* End PBXSourcesBuildPhase section */

/* Begin XCBuildConfiguration section */
		4DE4D1F81C74078B00410891 /* Debug */ = {
			isa = XCBuildConfiguration;
			buildSettings = {
				GCC_C_LANGUAGE_STANDARD = gnu99;
				GCC_PREPROCESSOR_DEFINITIONS = (
					"DEBUG=1",
					UNIT_TEST,
				);
				HEADER_SEARCH_PATHS = (
					"$(inherited)",
					/Applications/Xcode.app/Contents/Developer/Toolchains/XcodeDefault.xctoolchain/usr/include,
					../../../seal,
					../../../libs/glfw/mac/include,
				);
				LIBRARY_SEARCH_PATHS = (
					../../../libs/glfw/mac/libs,
					/Users/sleepers/Projects/github/seal2d/libs/glfw/mac/libs,
				);
				PRODUCT_NAME = "yuusha copy";
			};
			name = Debug;
		};
		4DE4D1F91C74078B00410891 /* Release */ = {
			isa = XCBuildConfiguration;
			buildSettings = {
				GCC_C_LANGUAGE_STANDARD = gnu99;
				GCC_PREPROCESSOR_DEFINITIONS = UNIT_TEST;
				HEADER_SEARCH_PATHS = (
					"$(inherited)",
					/Applications/Xcode.app/Contents/Developer/Toolchains/XcodeDefault.xctoolchain/usr/include,
					../../../seal,
					../../../libs/glfw/mac/include,
				);
				LIBRARY_SEARCH_PATHS = (
					../../../libs/glfw/mac/libs,
					/Users/sleepers/Projects/github/seal2d/libs/glfw/mac/libs,
				);
				PRODUCT_NAME = "yuusha copy";
			};
			name = Release;
		};
		4DF5F5C31C4C8CFC0080A8EB /* Debug */ = {
			isa = XCBuildConfiguration;
			buildSettings = {
				ALWAYS_SEARCH_USER_PATHS = NO;
				CLANG_CXX_LANGUAGE_STANDARD = "gnu++0x";
				CLANG_CXX_LIBRARY = "libc++";
				CLANG_ENABLE_MODULES = YES;
				CLANG_ENABLE_OBJC_ARC = YES;
				CLANG_WARN_BOOL_CONVERSION = YES;
				CLANG_WARN_CONSTANT_CONVERSION = YES;
				CLANG_WARN_DIRECT_OBJC_ISA_USAGE = YES_ERROR;
				CLANG_WARN_EMPTY_BODY = YES;
				CLANG_WARN_ENUM_CONVERSION = YES;
				CLANG_WARN_INT_CONVERSION = YES;
				CLANG_WARN_OBJC_ROOT_CLASS = YES_ERROR;
				CLANG_WARN_UNREACHABLE_CODE = YES;
				CLANG_WARN__DUPLICATE_METHOD_MATCH = YES;
				COPY_PHASE_STRIP = NO;
				ENABLE_STRICT_OBJC_MSGSEND = YES;
				GCC_C_LANGUAGE_STANDARD = gnu99;
				GCC_DYNAMIC_NO_PIC = NO;
				GCC_OPTIMIZATION_LEVEL = 0;
				GCC_PREPROCESSOR_DEFINITIONS = (
					"DEBUG=1",
					"$(inherited)",
				);
				GCC_SYMBOLS_PRIVATE_EXTERN = NO;
				GCC_WARN_64_TO_32_BIT_CONVERSION = YES;
				GCC_WARN_ABOUT_RETURN_TYPE = YES_ERROR;
				GCC_WARN_UNDECLARED_SELECTOR = YES;
				GCC_WARN_UNINITIALIZED_AUTOS = YES_AGGRESSIVE;
				GCC_WARN_UNUSED_FUNCTION = YES;
				GCC_WARN_UNUSED_VARIABLE = YES;
				MACOSX_DEPLOYMENT_TARGET = 10.5;
				MTL_ENABLE_DEBUG_INFO = YES;
				ONLY_ACTIVE_ARCH = YES;
				SDKROOT = macosx;
			};
			name = Debug;
		};
		4DF5F5C41C4C8CFC0080A8EB /* Release */ = {
			isa = XCBuildConfiguration;
			buildSettings = {
				ALWAYS_SEARCH_USER_PATHS = NO;
				CLANG_CXX_LANGUAGE_STANDARD = "gnu++0x";
				CLANG_CXX_LIBRARY = "libc++";
				CLANG_ENABLE_MODULES = YES;
				CLANG_ENABLE_OBJC_ARC = YES;
				CLANG_WARN_BOOL_CONVERSION = YES;
				CLANG_WARN_CONSTANT_CONVERSION = YES;
				CLANG_WARN_DIRECT_OBJC_ISA_USAGE = YES_ERROR;
				CLANG_WARN_EMPTY_BODY = YES;
				CLANG_WARN_ENUM_CONVERSION = YES;
				CLANG_WARN_INT_CONVERSION = YES;
				CLANG_WARN_OBJC_ROOT_CLASS = YES_ERROR;
				CLANG_WARN_UNREACHABLE_CODE = YES;
				CLANG_WARN__DUPLICATE_METHOD_MATCH = YES;
				COPY_PHASE_STRIP = YES;
				DEBUG_INFORMATION_FORMAT = "dwarf-with-dsym";
				ENABLE_NS_ASSERTIONS = NO;
				ENABLE_STRICT_OBJC_MSGSEND = YES;
				GCC_C_LANGUAGE_STANDARD = gnu99;
				GCC_WARN_64_TO_32_BIT_CONVERSION = YES;
				GCC_WARN_ABOUT_RETURN_TYPE = YES_ERROR;
				GCC_WARN_UNDECLARED_SELECTOR = YES;
				GCC_WARN_UNINITIALIZED_AUTOS = YES_AGGRESSIVE;
				GCC_WARN_UNUSED_FUNCTION = YES;
				GCC_WARN_UNUSED_VARIABLE = YES;
				MACOSX_DEPLOYMENT_TARGET = 10.5;
				MTL_ENABLE_DEBUG_INFO = NO;
				SDKROOT = macosx;
			};
			name = Release;
		};
		4DF5F5C61C4C8CFC0080A8EB /* Debug */ = {
			isa = XCBuildConfiguration;
			buildSettings = {
				GCC_C_LANGUAGE_STANDARD = gnu99;
				GCC_PREPROCESSOR_DEFINITIONS = "DEBUG=1";
				HEADER_SEARCH_PATHS = (
					"$(inherited)",
					/Applications/Xcode.app/Contents/Developer/Toolchains/XcodeDefault.xctoolchain/usr/include,
					../../../seal,
					../../../libs/glfw/mac/include,
				);
				LIBRARY_SEARCH_PATHS = (
					../../../libs/glfw/mac/libs,
					/Users/sleepers/Projects/github/seal2d/libs/glfw/mac/libs,
				);
				PRODUCT_NAME = "$(TARGET_NAME)";
			};
			name = Debug;
		};
		4DF5F5C71C4C8CFC0080A8EB /* Release */ = {
			isa = XCBuildConfiguration;
			buildSettings = {
				GCC_C_LANGUAGE_STANDARD = gnu99;
				GCC_PREPROCESSOR_DEFINITIONS = "";
				HEADER_SEARCH_PATHS = (
					"$(inherited)",
					/Applications/Xcode.app/Contents/Developer/Toolchains/XcodeDefault.xctoolchain/usr/include,
					../../../seal,
					../../../libs/glfw/mac/include,
				);
				LIBRARY_SEARCH_PATHS = (
					../../../libs/glfw/mac/libs,
					/Users/sleepers/Projects/github/seal2d/libs/glfw/mac/libs,
				);
				PRODUCT_NAME = "$(TARGET_NAME)";
			};
			name = Release;
		};
/* End XCBuildConfiguration section */

/* Begin XCConfigurationList section */
		4DE4D1F71C74078B00410891 /* Build configuration list for PBXNativeTarget "test" */ = {
			isa = XCConfigurationList;
			buildConfigurations = (
				4DE4D1F81C74078B00410891 /* Debug */,
				4DE4D1F91C74078B00410891 /* Release */,
			);
			defaultConfigurationIsVisible = 0;
			defaultConfigurationName = Release;
		};
		4DF5F5B91C4C8CFC0080A8EB /* Build configuration list for PBXProject "yuusha" */ = {
			isa = XCConfigurationList;
			buildConfigurations = (
				4DF5F5C31C4C8CFC0080A8EB /* Debug */,
				4DF5F5C41C4C8CFC0080A8EB /* Release */,
			);
			defaultConfigurationIsVisible = 0;
			defaultConfigurationName = Release;
		};
		4DF5F5C51C4C8CFC0080A8EB /* Build configuration list for PBXNativeTarget "yuusha" */ = {
			isa = XCConfigurationList;
			buildConfigurations = (
				4DF5F5C61C4C8CFC0080A8EB /* Debug */,
				4DF5F5C71C4C8CFC0080A8EB /* Release */,
			);
			defaultConfigurationIsVisible = 0;
			defaultConfigurationName = Release;
		};
/* End XCConfigurationList section */
	};
	rootObject = 4DF5F5B61C4C8CFC0080A8EB /* Project object */;
}
