// !$*UTF8*$!
{
	archiveVersion = 1;
	classes = {
	};
	objectVersion = 46;
	objects = {

/* Begin PBXBuildFile section */
		4D0281451CC693A2001986C8 /* action.c in Sources */ = {isa = PBXBuildFile; fileRef = 4D0281431CC693A2001986C8 /* action.c */; };
		4D0B96CE1C7BFCD000C8C658 /* geo.c in Sources */ = {isa = PBXBuildFile; fileRef = 4D0B96CC1C7BFCD000C8C658 /* geo.c */; };
		4D1CF5851CB2A04E00A1FFB9 /* window.c in Sources */ = {isa = PBXBuildFile; fileRef = 4D1CF5831CB2A04E00A1FFB9 /* window.c */; };
		4D1CF5891CB2B79E00A1FFB9 /* lsprite.c in Sources */ = {isa = PBXBuildFile; fileRef = 4D1CF5871CB2B79E00A1FFB9 /* lsprite.c */; };
		4D1CF58D1CB2C3AC00A1FFB9 /* ltexture.c in Sources */ = {isa = PBXBuildFile; fileRef = 4D1CF58B1CB2C3AC00A1FFB9 /* ltexture.c */; };
		4D25D86E1C95C06000448F88 /* auxiliar.c in Sources */ = {isa = PBXBuildFile; fileRef = 4D25D8401C95C06000448F88 /* auxiliar.c */; };
		4D25D8701C95C06000448F88 /* buffer.c in Sources */ = {isa = PBXBuildFile; fileRef = 4D25D8421C95C06000448F88 /* buffer.c */; };
		4D25D8721C95C06000448F88 /* compat.c in Sources */ = {isa = PBXBuildFile; fileRef = 4D25D8441C95C06000448F88 /* compat.c */; };
		4D25D8741C95C06000448F88 /* except.c in Sources */ = {isa = PBXBuildFile; fileRef = 4D25D8461C95C06000448F88 /* except.c */; };
		4D25D8761C95C06000448F88 /* inet.c in Sources */ = {isa = PBXBuildFile; fileRef = 4D25D84B1C95C06000448F88 /* inet.c */; };
		4D25D8781C95C06000448F88 /* io.c in Sources */ = {isa = PBXBuildFile; fileRef = 4D25D84D1C95C06000448F88 /* io.c */; };
		4D25D87A1C95C06000448F88 /* luasocket.c in Sources */ = {isa = PBXBuildFile; fileRef = 4D25D8501C95C06000448F88 /* luasocket.c */; };
		4D25D87E1C95C06000448F88 /* mime.c in Sources */ = {isa = PBXBuildFile; fileRef = 4D25D8541C95C06000448F88 /* mime.c */; };
		4D25D8801C95C06000448F88 /* options.c in Sources */ = {isa = PBXBuildFile; fileRef = 4D25D8571C95C06000448F88 /* options.c */; };
		4D25D8821C95C06000448F88 /* select.c in Sources */ = {isa = PBXBuildFile; fileRef = 4D25D85A1C95C06000448F88 /* select.c */; };
		4D25D8841C95C06000448F88 /* serial.c in Sources */ = {isa = PBXBuildFile; fileRef = 4D25D85C1C95C06000448F88 /* serial.c */; };
		4D25D8861C95C06000448F88 /* tcp.c in Sources */ = {isa = PBXBuildFile; fileRef = 4D25D8601C95C06000448F88 /* tcp.c */; };
		4D25D8881C95C06000448F88 /* timeout.c in Sources */ = {isa = PBXBuildFile; fileRef = 4D25D8621C95C06000448F88 /* timeout.c */; };
		4D25D88A1C95C06000448F88 /* udp.c in Sources */ = {isa = PBXBuildFile; fileRef = 4D25D8651C95C06000448F88 /* udp.c */; };
		4D25D88C1C95C06000448F88 /* unix.c in Sources */ = {isa = PBXBuildFile; fileRef = 4D25D8671C95C06000448F88 /* unix.c */; };
		4D25D88E1C95C06000448F88 /* usocket.c in Sources */ = {isa = PBXBuildFile; fileRef = 4D25D86A1C95C06000448F88 /* usocket.c */; };
		4D46F80B1C8F2B0A0081A1DC /* libfreetype.a in Frameworks */ = {isa = PBXBuildFile; fileRef = 4D46F80A1C8F2B0A0081A1DC /* libfreetype.a */; };
		4D46F80F1C8F38C90081A1DC /* ttf_font.c in Sources */ = {isa = PBXBuildFile; fileRef = 4D46F80D1C8F37480081A1DC /* ttf_font.c */; };
		4D6D56B81C737F5B00328A62 /* array_map.c in Sources */ = {isa = PBXBuildFile; fileRef = 4D6D56B61C737F5B00328A62 /* array_map.c */; };
		4D77985C1C6F0B5100021ED6 /* OpenGL.framework in Frameworks */ = {isa = PBXBuildFile; fileRef = 4D77985B1C6F0B5100021ED6 /* OpenGL.framework */; };
		4D7798661C6F0EC800021ED6 /* sprite.c in Sources */ = {isa = PBXBuildFile; fileRef = 4D7798641C6F0EC800021ED6 /* sprite.c */; };
		4D77986E1C6F229700021ED6 /* shader.c in Sources */ = {isa = PBXBuildFile; fileRef = 4D77986C1C6F229700021ED6 /* shader.c */; };
		4D822B781C6F5CE60083122E /* memory.c in Sources */ = {isa = PBXBuildFile; fileRef = 4D822B761C6F5CE60083122E /* memory.c */; };
		4D822B7E1C6F61670083122E /* main.c in Sources */ = {isa = PBXBuildFile; fileRef = 4D822B7D1C6F61670083122E /* main.c */; };
		4D822B8A1C6F62490083122E /* fs.c in Sources */ = {isa = PBXBuildFile; fileRef = 4D822B861C6F62490083122E /* fs.c */; };
		4D822B8D1C6F66400083122E /* libglfw3.a in Frameworks */ = {isa = PBXBuildFile; fileRef = 4D822B8C1C6F66400083122E /* libglfw3.a */; };
		4D822B911C6F672D0083122E /* timer.c in Sources */ = {isa = PBXBuildFile; fileRef = 4D822B901C6F672D0083122E /* timer.c */; };
		4D887C471C70BE18006EA5DA /* lodepng.c in Sources */ = {isa = PBXBuildFile; fileRef = 4D887C451C70BE18006EA5DA /* lodepng.c */; };
		4D887C4A1C70BFCA006EA5DA /* texture.c in Sources */ = {isa = PBXBuildFile; fileRef = 4D887C481C70BFCA006EA5DA /* texture.c */; };
		4DA599571C827A44002C81D7 /* bmfont.c in Sources */ = {isa = PBXBuildFile; fileRef = 4DA599551C827A44002C81D7 /* bmfont.c */; };
		4DBAF7B21CB6C05B0079170E /* hashmap.c in Sources */ = {isa = PBXBuildFile; fileRef = 4DBAF7B01CB6C05B0079170E /* hashmap.c */; };
		4DBFA6B81C9DBA9400D52B23 /* test_2d_array.c in Sources */ = {isa = PBXBuildFile; fileRef = 4DBFA6B71C9DBA9400D52B23 /* test_2d_array.c */; };
		4DDA8E2C1C4F5AE700ED5325 /* lapi.c in Sources */ = {isa = PBXBuildFile; fileRef = 4DDA8DED1C4F5AE700ED5325 /* lapi.c */; };
		4DDA8E2D1C4F5AE700ED5325 /* lauxlib.c in Sources */ = {isa = PBXBuildFile; fileRef = 4DDA8DEF1C4F5AE700ED5325 /* lauxlib.c */; };
		4DDA8E2E1C4F5AE700ED5325 /* lbaselib.c in Sources */ = {isa = PBXBuildFile; fileRef = 4DDA8DF11C4F5AE700ED5325 /* lbaselib.c */; };
		4DDA8E2F1C4F5AE700ED5325 /* lbitlib.c in Sources */ = {isa = PBXBuildFile; fileRef = 4DDA8DF21C4F5AE700ED5325 /* lbitlib.c */; };
		4DDA8E301C4F5AE700ED5325 /* lcode.c in Sources */ = {isa = PBXBuildFile; fileRef = 4DDA8DF31C4F5AE700ED5325 /* lcode.c */; };
		4DDA8E311C4F5AE700ED5325 /* lcorolib.c in Sources */ = {isa = PBXBuildFile; fileRef = 4DDA8DF51C4F5AE700ED5325 /* lcorolib.c */; };
		4DDA8E321C4F5AE700ED5325 /* lctype.c in Sources */ = {isa = PBXBuildFile; fileRef = 4DDA8DF61C4F5AE700ED5325 /* lctype.c */; };
		4DDA8E331C4F5AE700ED5325 /* ldblib.c in Sources */ = {isa = PBXBuildFile; fileRef = 4DDA8DF81C4F5AE700ED5325 /* ldblib.c */; };
		4DDA8E341C4F5AE700ED5325 /* ldebug.c in Sources */ = {isa = PBXBuildFile; fileRef = 4DDA8DF91C4F5AE700ED5325 /* ldebug.c */; };
		4DDA8E351C4F5AE700ED5325 /* ldo.c in Sources */ = {isa = PBXBuildFile; fileRef = 4DDA8DFB1C4F5AE700ED5325 /* ldo.c */; };
		4DDA8E361C4F5AE700ED5325 /* ldump.c in Sources */ = {isa = PBXBuildFile; fileRef = 4DDA8DFD1C4F5AE700ED5325 /* ldump.c */; };
		4DDA8E371C4F5AE700ED5325 /* lfunc.c in Sources */ = {isa = PBXBuildFile; fileRef = 4DDA8DFE1C4F5AE700ED5325 /* lfunc.c */; };
		4DDA8E381C4F5AE700ED5325 /* lgc.c in Sources */ = {isa = PBXBuildFile; fileRef = 4DDA8E001C4F5AE700ED5325 /* lgc.c */; };
		4DDA8E391C4F5AE700ED5325 /* linit.c in Sources */ = {isa = PBXBuildFile; fileRef = 4DDA8E021C4F5AE700ED5325 /* linit.c */; };
		4DDA8E3A1C4F5AE700ED5325 /* liolib.c in Sources */ = {isa = PBXBuildFile; fileRef = 4DDA8E031C4F5AE700ED5325 /* liolib.c */; };
		4DDA8E3B1C4F5AE700ED5325 /* llex.c in Sources */ = {isa = PBXBuildFile; fileRef = 4DDA8E041C4F5AE700ED5325 /* llex.c */; };
		4DDA8E3C1C4F5AE700ED5325 /* lmathlib.c in Sources */ = {isa = PBXBuildFile; fileRef = 4DDA8E071C4F5AE700ED5325 /* lmathlib.c */; };
		4DDA8E3D1C4F5AE700ED5325 /* lmem.c in Sources */ = {isa = PBXBuildFile; fileRef = 4DDA8E081C4F5AE700ED5325 /* lmem.c */; };
		4DDA8E3E1C4F5AE700ED5325 /* loadlib.c in Sources */ = {isa = PBXBuildFile; fileRef = 4DDA8E0A1C4F5AE700ED5325 /* loadlib.c */; };
		4DDA8E3F1C4F5AE700ED5325 /* lobject.c in Sources */ = {isa = PBXBuildFile; fileRef = 4DDA8E0B1C4F5AE700ED5325 /* lobject.c */; };
		4DDA8E401C4F5AE700ED5325 /* lopcodes.c in Sources */ = {isa = PBXBuildFile; fileRef = 4DDA8E0D1C4F5AE700ED5325 /* lopcodes.c */; };
		4DDA8E411C4F5AE700ED5325 /* loslib.c in Sources */ = {isa = PBXBuildFile; fileRef = 4DDA8E0F1C4F5AE700ED5325 /* loslib.c */; };
		4DDA8E421C4F5AE700ED5325 /* lparser.c in Sources */ = {isa = PBXBuildFile; fileRef = 4DDA8E101C4F5AE700ED5325 /* lparser.c */; };
		4DDA8E431C4F5AE700ED5325 /* lstate.c in Sources */ = {isa = PBXBuildFile; fileRef = 4DDA8E131C4F5AE700ED5325 /* lstate.c */; };
		4DDA8E441C4F5AE700ED5325 /* lstring.c in Sources */ = {isa = PBXBuildFile; fileRef = 4DDA8E151C4F5AE700ED5325 /* lstring.c */; };
		4DDA8E451C4F5AE700ED5325 /* lstrlib.c in Sources */ = {isa = PBXBuildFile; fileRef = 4DDA8E171C4F5AE700ED5325 /* lstrlib.c */; };
		4DDA8E461C4F5AE700ED5325 /* ltable.c in Sources */ = {isa = PBXBuildFile; fileRef = 4DDA8E181C4F5AE700ED5325 /* ltable.c */; };
		4DDA8E471C4F5AE700ED5325 /* ltablib.c in Sources */ = {isa = PBXBuildFile; fileRef = 4DDA8E1A1C4F5AE700ED5325 /* ltablib.c */; };
		4DDA8E481C4F5AE700ED5325 /* ltm.c in Sources */ = {isa = PBXBuildFile; fileRef = 4DDA8E1B1C4F5AE700ED5325 /* ltm.c */; };
		4DDA8E4B1C4F5AE700ED5325 /* lundump.c in Sources */ = {isa = PBXBuildFile; fileRef = 4DDA8E231C4F5AE700ED5325 /* lundump.c */; };
		4DDA8E4C1C4F5AE700ED5325 /* lutf8lib.c in Sources */ = {isa = PBXBuildFile; fileRef = 4DDA8E251C4F5AE700ED5325 /* lutf8lib.c */; };
		4DDA8E4D1C4F5AE700ED5325 /* lvm.c in Sources */ = {isa = PBXBuildFile; fileRef = 4DDA8E261C4F5AE700ED5325 /* lvm.c */; };
		4DDA8E4E1C4F5AE700ED5325 /* lzio.c in Sources */ = {isa = PBXBuildFile; fileRef = 4DDA8E281C4F5AE700ED5325 /* lzio.c */; };
		4DDA8E961C4F5C6700ED5325 /* CoreAudio.framework in Frameworks */ = {isa = PBXBuildFile; fileRef = 4DDA8E941C4F5C6700ED5325 /* CoreAudio.framework */; };
		4DDA8E9A1C4F5C8200ED5325 /* CoreVideo.framework in Frameworks */ = {isa = PBXBuildFile; fileRef = 4DDA8E991C4F5C8200ED5325 /* CoreVideo.framework */; };
		4DDA8E9C1C4F5C8E00ED5325 /* ForceFeedback.framework in Frameworks */ = {isa = PBXBuildFile; fileRef = 4DDA8E9B1C4F5C8E00ED5325 /* ForceFeedback.framework */; };
		4DDA8E9E1C4F5C9200ED5325 /* IOKit.framework in Frameworks */ = {isa = PBXBuildFile; fileRef = 4DDA8E9D1C4F5C9200ED5325 /* IOKit.framework */; };
		4DDA8EA01C4F5C9900ED5325 /* Carbon.framework in Frameworks */ = {isa = PBXBuildFile; fileRef = 4DDA8E9F1C4F5C9900ED5325 /* Carbon.framework */; };
		4DDA8EA21C4F5C9D00ED5325 /* AudioUnit.framework in Frameworks */ = {isa = PBXBuildFile; fileRef = 4DDA8EA11C4F5C9D00ED5325 /* AudioUnit.framework */; };
		4DDA8EA41C4F5CA300ED5325 /* CoreFoundation.framework in Frameworks */ = {isa = PBXBuildFile; fileRef = 4DDA8EA31C4F5CA300ED5325 /* CoreFoundation.framework */; };
		4DDF63951C4E057B008A44CE /* Cocoa.framework in Frameworks */ = {isa = PBXBuildFile; fileRef = 4DDF63941C4E057B008A44CE /* Cocoa.framework */; };
		4DE47B401C7ACAC2001D2F8C /* sprite_batch.c in Sources */ = {isa = PBXBuildFile; fileRef = 4DE47B3E1C7ACAC2001D2F8C /* sprite_batch.c */; };
		4DE47B451C7ACBA5001D2F8C /* array.c in Sources */ = {isa = PBXBuildFile; fileRef = 4DE47B431C7ACBA5001D2F8C /* array.c */; };
		4DE47B491C7AD8C8001D2F8C /* test_array.c in Sources */ = {isa = PBXBuildFile; fileRef = 4DE47B471C7AD8C8001D2F8C /* test_array.c */; };
		4DE4D1B71C74058200410891 /* test_array_map.c in Sources */ = {isa = PBXBuildFile; fileRef = 4DE4D1B51C74058200410891 /* test_array_map.c */; };
		4DE4D2041C7467E200410891 /* matrix.c in Sources */ = {isa = PBXBuildFile; fileRef = 4DE4D2021C7467E200410891 /* matrix.c */; };
		4DE620FD1C7856AE0073C71A /* camera.c in Sources */ = {isa = PBXBuildFile; fileRef = 4DE620FC1C7856AE0073C71A /* camera.c */; };
		4DE642C31C5B3BCA003EBBC0 /* laffine.c in Sources */ = {isa = PBXBuildFile; fileRef = 4DE642B71C5B3BCA003EBBC0 /* laffine.c */; };
		4DE642C41C5B3BCA003EBBC0 /* lopen.c in Sources */ = {isa = PBXBuildFile; fileRef = 4DE642B81C5B3BCA003EBBC0 /* lopen.c */; };
		4DE642C81C5B3BCA003EBBC0 /* lseal_core.c in Sources */ = {isa = PBXBuildFile; fileRef = 4DE642BD1C5B3BCA003EBBC0 /* lseal_core.c */; };
		4DE642C91C5B3BCA003EBBC0 /* affine.c in Sources */ = {isa = PBXBuildFile; fileRef = 4DE642BF1C5B3BCA003EBBC0 /* affine.c */; };
		4DE642CA1C5B3BCA003EBBC0 /* seal.c in Sources */ = {isa = PBXBuildFile; fileRef = 4DE642C11C5B3BCA003EBBC0 /* seal.c */; };
		A611E71A1CB65F9A001C7E2C /* fpconv.c in Sources */ = {isa = PBXBuildFile; fileRef = A611E7121CB65F9A001C7E2C /* fpconv.c */; };
		A611E71E1CB65F9A001C7E2C /* lua_cjson.c in Sources */ = {isa = PBXBuildFile; fileRef = A611E7151CB65F9A001C7E2C /* lua_cjson.c */; };
		A611E7201CB65F9A001C7E2C /* strbuf.c in Sources */ = {isa = PBXBuildFile; fileRef = A611E7161CB65F9A001C7E2C /* strbuf.c */; };
		A611E7271CB662E0001C7E2C /* lplatform.c in Sources */ = {isa = PBXBuildFile; fileRef = A611E7261CB662E0001C7E2C /* lplatform.c */; };
		A695D3431CB2827900E4180B /* event.c in Sources */ = {isa = PBXBuildFile; fileRef = A695D3411CB2827900E4180B /* event.c */; };
		A6E74C9B1CCA0E7F009392C8 /* libz.a in Frameworks */ = {isa = PBXBuildFile; fileRef = A6E74C9A1CCA0E7F009392C8 /* libz.a */; };
		A6E74C9D1CCA0EF1009392C8 /* lua_zlib.c in Sources */ = {isa = PBXBuildFile; fileRef = A6E74C9C1CCA0EF1009392C8 /* lua_zlib.c */; };
		A6E74CAF1CCA1D2A009392C8 /* ioapi.c in Sources */ = {isa = PBXBuildFile; fileRef = A6E74CAB1CCA1D2A009392C8 /* ioapi.c */; };
		A6E74CB01CCA1D2A009392C8 /* unzip.c in Sources */ = {isa = PBXBuildFile; fileRef = A6E74CAD1CCA1D2A009392C8 /* unzip.c */; };
		A6E74CB31CCA2271009392C8 /* ioapi_mem.c in Sources */ = {isa = PBXBuildFile; fileRef = A6E74CB11CCA2271009392C8 /* ioapi_mem.c */; };
		A6E8D3F11CCB5C8D004536D9 /* fs_mac.mm in Sources */ = {isa = PBXBuildFile; fileRef = A6E8D3F01CCB5C8D004536D9 /* fs_mac.mm */; };
/* End PBXBuildFile section */

/* Begin PBXCopyFilesBuildPhase section */
		4DF5F5BC1C4C8CFC0080A8EB /* CopyFiles */ = {
			isa = PBXCopyFilesBuildPhase;
			buildActionMask = 2147483647;
			dstPath = /usr/share/man/man1/;
			dstSubfolderSpec = 0;
			files = (
			);
			runOnlyForDeploymentPostprocessing = 1;
		};
/* End PBXCopyFilesBuildPhase section */

/* Begin PBXFileReference section */
		4D0281431CC693A2001986C8 /* action.c */ = {isa = PBXFileReference; fileEncoding = 4; lastKnownFileType = sourcecode.c.c; path = action.c; sourceTree = "<group>"; };
		4D0281441CC693A2001986C8 /* action.h */ = {isa = PBXFileReference; fileEncoding = 4; lastKnownFileType = sourcecode.c.h; path = action.h; sourceTree = "<group>"; };
		4D0B96CC1C7BFCD000C8C658 /* geo.c */ = {isa = PBXFileReference; fileEncoding = 4; lastKnownFileType = sourcecode.c.c; path = geo.c; sourceTree = "<group>"; };
		4D0B96CD1C7BFCD000C8C658 /* geo.h */ = {isa = PBXFileReference; fileEncoding = 4; lastKnownFileType = sourcecode.c.h; path = geo.h; sourceTree = "<group>"; };
		4D1CF5831CB2A04E00A1FFB9 /* window.c */ = {isa = PBXFileReference; fileEncoding = 4; lastKnownFileType = sourcecode.c.c; path = window.c; sourceTree = "<group>"; };
		4D1CF5841CB2A04E00A1FFB9 /* window.h */ = {isa = PBXFileReference; fileEncoding = 4; lastKnownFileType = sourcecode.c.h; path = window.h; sourceTree = "<group>"; };
		4D1CF5871CB2B79E00A1FFB9 /* lsprite.c */ = {isa = PBXFileReference; fileEncoding = 4; lastKnownFileType = sourcecode.c.c; path = lsprite.c; sourceTree = "<group>"; };
		4D1CF58B1CB2C3AC00A1FFB9 /* ltexture.c */ = {isa = PBXFileReference; fileEncoding = 4; lastKnownFileType = sourcecode.c.c; path = ltexture.c; sourceTree = "<group>"; };
		4D25D8401C95C06000448F88 /* auxiliar.c */ = {isa = PBXFileReference; fileEncoding = 4; lastKnownFileType = sourcecode.c.c; path = auxiliar.c; sourceTree = "<group>"; };
		4D25D8411C95C06000448F88 /* auxiliar.h */ = {isa = PBXFileReference; fileEncoding = 4; lastKnownFileType = sourcecode.c.h; path = auxiliar.h; sourceTree = "<group>"; };
		4D25D8421C95C06000448F88 /* buffer.c */ = {isa = PBXFileReference; fileEncoding = 4; lastKnownFileType = sourcecode.c.c; path = buffer.c; sourceTree = "<group>"; };
		4D25D8431C95C06000448F88 /* buffer.h */ = {isa = PBXFileReference; fileEncoding = 4; lastKnownFileType = sourcecode.c.h; path = buffer.h; sourceTree = "<group>"; };
		4D25D8441C95C06000448F88 /* compat.c */ = {isa = PBXFileReference; fileEncoding = 4; lastKnownFileType = sourcecode.c.c; path = compat.c; sourceTree = "<group>"; };
		4D25D8451C95C06000448F88 /* compat.h */ = {isa = PBXFileReference; fileEncoding = 4; lastKnownFileType = sourcecode.c.h; path = compat.h; sourceTree = "<group>"; };
		4D25D8461C95C06000448F88 /* except.c */ = {isa = PBXFileReference; fileEncoding = 4; lastKnownFileType = sourcecode.c.c; path = except.c; sourceTree = "<group>"; };
		4D25D8471C95C06000448F88 /* except.h */ = {isa = PBXFileReference; fileEncoding = 4; lastKnownFileType = sourcecode.c.h; path = except.h; sourceTree = "<group>"; };
		4D25D84B1C95C06000448F88 /* inet.c */ = {isa = PBXFileReference; fileEncoding = 4; lastKnownFileType = sourcecode.c.c; path = inet.c; sourceTree = "<group>"; };
		4D25D84C1C95C06000448F88 /* inet.h */ = {isa = PBXFileReference; fileEncoding = 4; lastKnownFileType = sourcecode.c.h; path = inet.h; sourceTree = "<group>"; };
		4D25D84D1C95C06000448F88 /* io.c */ = {isa = PBXFileReference; fileEncoding = 4; lastKnownFileType = sourcecode.c.c; path = io.c; sourceTree = "<group>"; };
		4D25D84E1C95C06000448F88 /* io.h */ = {isa = PBXFileReference; fileEncoding = 4; lastKnownFileType = sourcecode.c.h; path = io.h; sourceTree = "<group>"; };
		4D25D8501C95C06000448F88 /* luasocket.c */ = {isa = PBXFileReference; fileEncoding = 4; lastKnownFileType = sourcecode.c.c; path = luasocket.c; sourceTree = "<group>"; };
		4D25D8511C95C06000448F88 /* luasocket.h */ = {isa = PBXFileReference; fileEncoding = 4; lastKnownFileType = sourcecode.c.h; path = luasocket.h; sourceTree = "<group>"; };
		4D25D8541C95C06000448F88 /* mime.c */ = {isa = PBXFileReference; fileEncoding = 4; lastKnownFileType = sourcecode.c.c; path = mime.c; sourceTree = "<group>"; };
		4D25D8551C95C06000448F88 /* mime.h */ = {isa = PBXFileReference; fileEncoding = 4; lastKnownFileType = sourcecode.c.h; path = mime.h; sourceTree = "<group>"; };
		4D25D8571C95C06000448F88 /* options.c */ = {isa = PBXFileReference; fileEncoding = 4; lastKnownFileType = sourcecode.c.c; path = options.c; sourceTree = "<group>"; };
		4D25D8581C95C06000448F88 /* options.h */ = {isa = PBXFileReference; fileEncoding = 4; lastKnownFileType = sourcecode.c.h; path = options.h; sourceTree = "<group>"; };
		4D25D8591C95C06000448F88 /* pierror.h */ = {isa = PBXFileReference; fileEncoding = 4; lastKnownFileType = sourcecode.c.h; path = pierror.h; sourceTree = "<group>"; };
		4D25D85A1C95C06000448F88 /* select.c */ = {isa = PBXFileReference; fileEncoding = 4; lastKnownFileType = sourcecode.c.c; path = select.c; sourceTree = "<group>"; };
		4D25D85B1C95C06000448F88 /* select.h */ = {isa = PBXFileReference; fileEncoding = 4; lastKnownFileType = sourcecode.c.h; path = select.h; sourceTree = "<group>"; };
		4D25D85C1C95C06000448F88 /* serial.c */ = {isa = PBXFileReference; fileEncoding = 4; lastKnownFileType = sourcecode.c.c; path = serial.c; sourceTree = "<group>"; };
		4D25D85E1C95C06000448F88 /* socket.h */ = {isa = PBXFileReference; fileEncoding = 4; lastKnownFileType = sourcecode.c.h; path = socket.h; sourceTree = "<group>"; };
		4D25D8601C95C06000448F88 /* tcp.c */ = {isa = PBXFileReference; fileEncoding = 4; lastKnownFileType = sourcecode.c.c; path = tcp.c; sourceTree = "<group>"; };
		4D25D8611C95C06000448F88 /* tcp.h */ = {isa = PBXFileReference; fileEncoding = 4; lastKnownFileType = sourcecode.c.h; path = tcp.h; sourceTree = "<group>"; };
		4D25D8621C95C06000448F88 /* timeout.c */ = {isa = PBXFileReference; fileEncoding = 4; lastKnownFileType = sourcecode.c.c; path = timeout.c; sourceTree = "<group>"; };
		4D25D8631C95C06000448F88 /* timeout.h */ = {isa = PBXFileReference; fileEncoding = 4; lastKnownFileType = sourcecode.c.h; path = timeout.h; sourceTree = "<group>"; };
		4D25D8651C95C06000448F88 /* udp.c */ = {isa = PBXFileReference; fileEncoding = 4; lastKnownFileType = sourcecode.c.c; path = udp.c; sourceTree = "<group>"; };
		4D25D8661C95C06000448F88 /* udp.h */ = {isa = PBXFileReference; fileEncoding = 4; lastKnownFileType = sourcecode.c.h; path = udp.h; sourceTree = "<group>"; };
		4D25D8671C95C06000448F88 /* unix.c */ = {isa = PBXFileReference; fileEncoding = 4; lastKnownFileType = sourcecode.c.c; path = unix.c; sourceTree = "<group>"; };
		4D25D8681C95C06000448F88 /* unix.h */ = {isa = PBXFileReference; fileEncoding = 4; lastKnownFileType = sourcecode.c.h; path = unix.h; sourceTree = "<group>"; };
		4D25D86A1C95C06000448F88 /* usocket.c */ = {isa = PBXFileReference; fileEncoding = 4; lastKnownFileType = sourcecode.c.c; path = usocket.c; sourceTree = "<group>"; };
		4D25D86B1C95C06000448F88 /* usocket.h */ = {isa = PBXFileReference; fileEncoding = 4; lastKnownFileType = sourcecode.c.h; path = usocket.h; sourceTree = "<group>"; };
		4D46F8061C8F25D30081A1DC /* util.h */ = {isa = PBXFileReference; fileEncoding = 4; lastKnownFileType = sourcecode.c.h; path = util.h; sourceTree = "<group>"; };
		4D46F80A1C8F2B0A0081A1DC /* libfreetype.a */ = {isa = PBXFileReference; lastKnownFileType = archive.ar; name = libfreetype.a; path = "../../../libs/freetype-2.6.2/mac/libs/libfreetype.a"; sourceTree = "<group>"; };
		4D46F80D1C8F37480081A1DC /* ttf_font.c */ = {isa = PBXFileReference; fileEncoding = 4; lastKnownFileType = sourcecode.c.c; path = ttf_font.c; sourceTree = "<group>"; };
		4D46F80E1C8F37480081A1DC /* ttf_font.h */ = {isa = PBXFileReference; fileEncoding = 4; lastKnownFileType = sourcecode.c.h; path = ttf_font.h; sourceTree = "<group>"; };
		4D6D56B61C737F5B00328A62 /* array_map.c */ = {isa = PBXFileReference; fileEncoding = 4; lastKnownFileType = sourcecode.c.c; path = array_map.c; sourceTree = "<group>"; };
		4D6D56B71C737F5B00328A62 /* array_map.h */ = {isa = PBXFileReference; fileEncoding = 4; lastKnownFileType = sourcecode.c.h; path = array_map.h; sourceTree = "<group>"; };
		4D77985B1C6F0B5100021ED6 /* OpenGL.framework */ = {isa = PBXFileReference; lastKnownFileType = wrapper.framework; name = OpenGL.framework; path = System/Library/Frameworks/OpenGL.framework; sourceTree = SDKROOT; };
		4D7798641C6F0EC800021ED6 /* sprite.c */ = {isa = PBXFileReference; fileEncoding = 4; lastKnownFileType = sourcecode.c.c; path = sprite.c; sourceTree = "<group>"; };
		4D7798651C6F0EC800021ED6 /* sprite.h */ = {isa = PBXFileReference; fileEncoding = 4; lastKnownFileType = sourcecode.c.h; path = sprite.h; sourceTree = "<group>"; };
		4D77986C1C6F229700021ED6 /* shader.c */ = {isa = PBXFileReference; fileEncoding = 4; lastKnownFileType = sourcecode.c.c; path = shader.c; sourceTree = "<group>"; };
		4D77986D1C6F229700021ED6 /* shader.h */ = {isa = PBXFileReference; fileEncoding = 4; lastKnownFileType = sourcecode.c.h; path = shader.h; sourceTree = "<group>"; };
		4D822B761C6F5CE60083122E /* memory.c */ = {isa = PBXFileReference; fileEncoding = 4; lastKnownFileType = sourcecode.c.c; path = memory.c; sourceTree = "<group>"; };
		4D822B771C6F5CE60083122E /* memory.h */ = {isa = PBXFileReference; fileEncoding = 4; lastKnownFileType = sourcecode.c.h; path = memory.h; sourceTree = "<group>"; };
		4D822B7B1C6F5DCE0083122E /* list.h */ = {isa = PBXFileReference; fileEncoding = 4; lastKnownFileType = sourcecode.c.h; path = list.h; sourceTree = "<group>"; };
		4D822B7D1C6F61670083122E /* main.c */ = {isa = PBXFileReference; fileEncoding = 4; lastKnownFileType = sourcecode.c.c; path = main.c; sourceTree = "<group>"; };
		4D822B861C6F62490083122E /* fs.c */ = {isa = PBXFileReference; fileEncoding = 4; lastKnownFileType = sourcecode.c.c; path = fs.c; sourceTree = "<group>"; };
		4D822B871C6F62490083122E /* fs.h */ = {isa = PBXFileReference; fileEncoding = 4; lastKnownFileType = sourcecode.c.h; path = fs.h; sourceTree = "<group>"; };
		4D822B8C1C6F66400083122E /* libglfw3.a */ = {isa = PBXFileReference; lastKnownFileType = archive.ar; name = libglfw3.a; path = ../../../libs/glfw/mac/libs/libglfw3.a; sourceTree = "<group>"; };
		4D822B8F1C6F67250083122E /* timer.h */ = {isa = PBXFileReference; fileEncoding = 4; lastKnownFileType = sourcecode.c.h; path = timer.h; sourceTree = "<group>"; };
		4D822B901C6F672D0083122E /* timer.c */ = {isa = PBXFileReference; fileEncoding = 4; lastKnownFileType = sourcecode.c.c; path = timer.c; sourceTree = "<group>"; };
		4D887C451C70BE18006EA5DA /* lodepng.c */ = {isa = PBXFileReference; fileEncoding = 4; lastKnownFileType = sourcecode.c.c; path = lodepng.c; sourceTree = "<group>"; };
		4D887C461C70BE18006EA5DA /* lodepng.h */ = {isa = PBXFileReference; fileEncoding = 4; lastKnownFileType = sourcecode.c.h; path = lodepng.h; sourceTree = "<group>"; };
		4D887C481C70BFCA006EA5DA /* texture.c */ = {isa = PBXFileReference; fileEncoding = 4; lastKnownFileType = sourcecode.c.c; path = texture.c; sourceTree = "<group>"; };
		4D887C491C70BFCA006EA5DA /* texture.h */ = {isa = PBXFileReference; fileEncoding = 4; lastKnownFileType = sourcecode.c.h; path = texture.h; sourceTree = "<group>"; };
		4DA028881C5131C80070AE6B /* res */ = {isa = PBXFileReference; lastKnownFileType = folder; name = res; path = ../res; sourceTree = "<group>"; };
		4DA028891C5131C80070AE6B /* scripts */ = {isa = PBXFileReference; lastKnownFileType = folder; name = scripts; path = ../scripts; sourceTree = "<group>"; };
		4DA599551C827A44002C81D7 /* bmfont.c */ = {isa = PBXFileReference; fileEncoding = 4; lastKnownFileType = sourcecode.c.c; path = bmfont.c; sourceTree = "<group>"; };
		4DA599561C827A44002C81D7 /* bmfont.h */ = {isa = PBXFileReference; fileEncoding = 4; lastKnownFileType = sourcecode.c.h; path = bmfont.h; sourceTree = "<group>"; };
		4DBAF7B01CB6C05B0079170E /* hashmap.c */ = {isa = PBXFileReference; fileEncoding = 4; lastKnownFileType = sourcecode.c.c; path = hashmap.c; sourceTree = "<group>"; };
		4DBAF7B11CB6C05B0079170E /* hashmap.h */ = {isa = PBXFileReference; fileEncoding = 4; lastKnownFileType = sourcecode.c.h; path = hashmap.h; sourceTree = "<group>"; };
		4DBFA6B71C9DBA9400D52B23 /* test_2d_array.c */ = {isa = PBXFileReference; fileEncoding = 4; lastKnownFileType = sourcecode.c.c; path = test_2d_array.c; sourceTree = "<group>"; };
		4DDA8DED1C4F5AE700ED5325 /* lapi.c */ = {isa = PBXFileReference; fileEncoding = 4; lastKnownFileType = sourcecode.c.c; path = lapi.c; sourceTree = "<group>"; };
		4DDA8DEE1C4F5AE700ED5325 /* lapi.h */ = {isa = PBXFileReference; fileEncoding = 4; lastKnownFileType = sourcecode.c.h; path = lapi.h; sourceTree = "<group>"; };
		4DDA8DEF1C4F5AE700ED5325 /* lauxlib.c */ = {isa = PBXFileReference; fileEncoding = 4; lastKnownFileType = sourcecode.c.c; path = lauxlib.c; sourceTree = "<group>"; };
		4DDA8DF01C4F5AE700ED5325 /* lauxlib.h */ = {isa = PBXFileReference; fileEncoding = 4; lastKnownFileType = sourcecode.c.h; path = lauxlib.h; sourceTree = "<group>"; };
		4DDA8DF11C4F5AE700ED5325 /* lbaselib.c */ = {isa = PBXFileReference; fileEncoding = 4; lastKnownFileType = sourcecode.c.c; path = lbaselib.c; sourceTree = "<group>"; };
		4DDA8DF21C4F5AE700ED5325 /* lbitlib.c */ = {isa = PBXFileReference; fileEncoding = 4; lastKnownFileType = sourcecode.c.c; path = lbitlib.c; sourceTree = "<group>"; };
		4DDA8DF31C4F5AE700ED5325 /* lcode.c */ = {isa = PBXFileReference; fileEncoding = 4; lastKnownFileType = sourcecode.c.c; path = lcode.c; sourceTree = "<group>"; };
		4DDA8DF41C4F5AE700ED5325 /* lcode.h */ = {isa = PBXFileReference; fileEncoding = 4; lastKnownFileType = sourcecode.c.h; path = lcode.h; sourceTree = "<group>"; };
		4DDA8DF51C4F5AE700ED5325 /* lcorolib.c */ = {isa = PBXFileReference; fileEncoding = 4; lastKnownFileType = sourcecode.c.c; path = lcorolib.c; sourceTree = "<group>"; };
		4DDA8DF61C4F5AE700ED5325 /* lctype.c */ = {isa = PBXFileReference; fileEncoding = 4; lastKnownFileType = sourcecode.c.c; path = lctype.c; sourceTree = "<group>"; };
		4DDA8DF71C4F5AE700ED5325 /* lctype.h */ = {isa = PBXFileReference; fileEncoding = 4; lastKnownFileType = sourcecode.c.h; path = lctype.h; sourceTree = "<group>"; };
		4DDA8DF81C4F5AE700ED5325 /* ldblib.c */ = {isa = PBXFileReference; fileEncoding = 4; lastKnownFileType = sourcecode.c.c; path = ldblib.c; sourceTree = "<group>"; };
		4DDA8DF91C4F5AE700ED5325 /* ldebug.c */ = {isa = PBXFileReference; fileEncoding = 4; lastKnownFileType = sourcecode.c.c; path = ldebug.c; sourceTree = "<group>"; };
		4DDA8DFA1C4F5AE700ED5325 /* ldebug.h */ = {isa = PBXFileReference; fileEncoding = 4; lastKnownFileType = sourcecode.c.h; path = ldebug.h; sourceTree = "<group>"; };
		4DDA8DFB1C4F5AE700ED5325 /* ldo.c */ = {isa = PBXFileReference; fileEncoding = 4; lastKnownFileType = sourcecode.c.c; path = ldo.c; sourceTree = "<group>"; };
		4DDA8DFC1C4F5AE700ED5325 /* ldo.h */ = {isa = PBXFileReference; fileEncoding = 4; lastKnownFileType = sourcecode.c.h; path = ldo.h; sourceTree = "<group>"; };
		4DDA8DFD1C4F5AE700ED5325 /* ldump.c */ = {isa = PBXFileReference; fileEncoding = 4; lastKnownFileType = sourcecode.c.c; path = ldump.c; sourceTree = "<group>"; };
		4DDA8DFE1C4F5AE700ED5325 /* lfunc.c */ = {isa = PBXFileReference; fileEncoding = 4; lastKnownFileType = sourcecode.c.c; path = lfunc.c; sourceTree = "<group>"; };
		4DDA8DFF1C4F5AE700ED5325 /* lfunc.h */ = {isa = PBXFileReference; fileEncoding = 4; lastKnownFileType = sourcecode.c.h; path = lfunc.h; sourceTree = "<group>"; };
		4DDA8E001C4F5AE700ED5325 /* lgc.c */ = {isa = PBXFileReference; fileEncoding = 4; lastKnownFileType = sourcecode.c.c; path = lgc.c; sourceTree = "<group>"; };
		4DDA8E011C4F5AE700ED5325 /* lgc.h */ = {isa = PBXFileReference; fileEncoding = 4; lastKnownFileType = sourcecode.c.h; path = lgc.h; sourceTree = "<group>"; };
		4DDA8E021C4F5AE700ED5325 /* linit.c */ = {isa = PBXFileReference; fileEncoding = 4; lastKnownFileType = sourcecode.c.c; path = linit.c; sourceTree = "<group>"; };
		4DDA8E031C4F5AE700ED5325 /* liolib.c */ = {isa = PBXFileReference; fileEncoding = 4; lastKnownFileType = sourcecode.c.c; path = liolib.c; sourceTree = "<group>"; };
		4DDA8E041C4F5AE700ED5325 /* llex.c */ = {isa = PBXFileReference; fileEncoding = 4; lastKnownFileType = sourcecode.c.c; path = llex.c; sourceTree = "<group>"; };
		4DDA8E051C4F5AE700ED5325 /* llex.h */ = {isa = PBXFileReference; fileEncoding = 4; lastKnownFileType = sourcecode.c.h; path = llex.h; sourceTree = "<group>"; };
		4DDA8E061C4F5AE700ED5325 /* llimits.h */ = {isa = PBXFileReference; fileEncoding = 4; lastKnownFileType = sourcecode.c.h; path = llimits.h; sourceTree = "<group>"; };
		4DDA8E071C4F5AE700ED5325 /* lmathlib.c */ = {isa = PBXFileReference; fileEncoding = 4; lastKnownFileType = sourcecode.c.c; path = lmathlib.c; sourceTree = "<group>"; };
		4DDA8E081C4F5AE700ED5325 /* lmem.c */ = {isa = PBXFileReference; fileEncoding = 4; lastKnownFileType = sourcecode.c.c; path = lmem.c; sourceTree = "<group>"; };
		4DDA8E091C4F5AE700ED5325 /* lmem.h */ = {isa = PBXFileReference; fileEncoding = 4; lastKnownFileType = sourcecode.c.h; path = lmem.h; sourceTree = "<group>"; };
		4DDA8E0A1C4F5AE700ED5325 /* loadlib.c */ = {isa = PBXFileReference; fileEncoding = 4; lastKnownFileType = sourcecode.c.c; path = loadlib.c; sourceTree = "<group>"; };
		4DDA8E0B1C4F5AE700ED5325 /* lobject.c */ = {isa = PBXFileReference; fileEncoding = 4; lastKnownFileType = sourcecode.c.c; path = lobject.c; sourceTree = "<group>"; };
		4DDA8E0C1C4F5AE700ED5325 /* lobject.h */ = {isa = PBXFileReference; fileEncoding = 4; lastKnownFileType = sourcecode.c.h; path = lobject.h; sourceTree = "<group>"; };
		4DDA8E0D1C4F5AE700ED5325 /* lopcodes.c */ = {isa = PBXFileReference; fileEncoding = 4; lastKnownFileType = sourcecode.c.c; path = lopcodes.c; sourceTree = "<group>"; };
		4DDA8E0E1C4F5AE700ED5325 /* lopcodes.h */ = {isa = PBXFileReference; fileEncoding = 4; lastKnownFileType = sourcecode.c.h; path = lopcodes.h; sourceTree = "<group>"; };
		4DDA8E0F1C4F5AE700ED5325 /* loslib.c */ = {isa = PBXFileReference; fileEncoding = 4; lastKnownFileType = sourcecode.c.c; path = loslib.c; sourceTree = "<group>"; };
		4DDA8E101C4F5AE700ED5325 /* lparser.c */ = {isa = PBXFileReference; fileEncoding = 4; lastKnownFileType = sourcecode.c.c; path = lparser.c; sourceTree = "<group>"; };
		4DDA8E111C4F5AE700ED5325 /* lparser.h */ = {isa = PBXFileReference; fileEncoding = 4; lastKnownFileType = sourcecode.c.h; path = lparser.h; sourceTree = "<group>"; };
		4DDA8E121C4F5AE700ED5325 /* lprefix.h */ = {isa = PBXFileReference; fileEncoding = 4; lastKnownFileType = sourcecode.c.h; path = lprefix.h; sourceTree = "<group>"; };
		4DDA8E131C4F5AE700ED5325 /* lstate.c */ = {isa = PBXFileReference; fileEncoding = 4; lastKnownFileType = sourcecode.c.c; path = lstate.c; sourceTree = "<group>"; };
		4DDA8E141C4F5AE700ED5325 /* lstate.h */ = {isa = PBXFileReference; fileEncoding = 4; lastKnownFileType = sourcecode.c.h; path = lstate.h; sourceTree = "<group>"; };
		4DDA8E151C4F5AE700ED5325 /* lstring.c */ = {isa = PBXFileReference; fileEncoding = 4; lastKnownFileType = sourcecode.c.c; path = lstring.c; sourceTree = "<group>"; };
		4DDA8E161C4F5AE700ED5325 /* lstring.h */ = {isa = PBXFileReference; fileEncoding = 4; lastKnownFileType = sourcecode.c.h; path = lstring.h; sourceTree = "<group>"; };
		4DDA8E171C4F5AE700ED5325 /* lstrlib.c */ = {isa = PBXFileReference; fileEncoding = 4; lastKnownFileType = sourcecode.c.c; path = lstrlib.c; sourceTree = "<group>"; };
		4DDA8E181C4F5AE700ED5325 /* ltable.c */ = {isa = PBXFileReference; fileEncoding = 4; lastKnownFileType = sourcecode.c.c; path = ltable.c; sourceTree = "<group>"; };
		4DDA8E191C4F5AE700ED5325 /* ltable.h */ = {isa = PBXFileReference; fileEncoding = 4; lastKnownFileType = sourcecode.c.h; path = ltable.h; sourceTree = "<group>"; };
		4DDA8E1A1C4F5AE700ED5325 /* ltablib.c */ = {isa = PBXFileReference; fileEncoding = 4; lastKnownFileType = sourcecode.c.c; path = ltablib.c; sourceTree = "<group>"; };
		4DDA8E1B1C4F5AE700ED5325 /* ltm.c */ = {isa = PBXFileReference; fileEncoding = 4; lastKnownFileType = sourcecode.c.c; path = ltm.c; sourceTree = "<group>"; };
		4DDA8E1C1C4F5AE700ED5325 /* ltm.h */ = {isa = PBXFileReference; fileEncoding = 4; lastKnownFileType = sourcecode.c.h; path = ltm.h; sourceTree = "<group>"; };
		4DDA8E1E1C4F5AE700ED5325 /* lua.h */ = {isa = PBXFileReference; fileEncoding = 4; lastKnownFileType = sourcecode.c.h; path = lua.h; sourceTree = "<group>"; };
		4DDA8E1F1C4F5AE700ED5325 /* lua.hpp */ = {isa = PBXFileReference; fileEncoding = 4; lastKnownFileType = sourcecode.cpp.h; path = lua.hpp; sourceTree = "<group>"; };
		4DDA8E211C4F5AE700ED5325 /* luaconf.h */ = {isa = PBXFileReference; fileEncoding = 4; lastKnownFileType = sourcecode.c.h; path = luaconf.h; sourceTree = "<group>"; };
		4DDA8E221C4F5AE700ED5325 /* lualib.h */ = {isa = PBXFileReference; fileEncoding = 4; lastKnownFileType = sourcecode.c.h; path = lualib.h; sourceTree = "<group>"; };
		4DDA8E231C4F5AE700ED5325 /* lundump.c */ = {isa = PBXFileReference; fileEncoding = 4; lastKnownFileType = sourcecode.c.c; path = lundump.c; sourceTree = "<group>"; };
		4DDA8E241C4F5AE700ED5325 /* lundump.h */ = {isa = PBXFileReference; fileEncoding = 4; lastKnownFileType = sourcecode.c.h; path = lundump.h; sourceTree = "<group>"; };
		4DDA8E251C4F5AE700ED5325 /* lutf8lib.c */ = {isa = PBXFileReference; fileEncoding = 4; lastKnownFileType = sourcecode.c.c; path = lutf8lib.c; sourceTree = "<group>"; };
		4DDA8E261C4F5AE700ED5325 /* lvm.c */ = {isa = PBXFileReference; fileEncoding = 4; lastKnownFileType = sourcecode.c.c; path = lvm.c; sourceTree = "<group>"; };
		4DDA8E271C4F5AE700ED5325 /* lvm.h */ = {isa = PBXFileReference; fileEncoding = 4; lastKnownFileType = sourcecode.c.h; path = lvm.h; sourceTree = "<group>"; };
		4DDA8E281C4F5AE700ED5325 /* lzio.c */ = {isa = PBXFileReference; fileEncoding = 4; lastKnownFileType = sourcecode.c.c; path = lzio.c; sourceTree = "<group>"; };
		4DDA8E291C4F5AE700ED5325 /* lzio.h */ = {isa = PBXFileReference; fileEncoding = 4; lastKnownFileType = sourcecode.c.h; path = lzio.h; sourceTree = "<group>"; };
		4DDA8E941C4F5C6700ED5325 /* CoreAudio.framework */ = {isa = PBXFileReference; lastKnownFileType = wrapper.framework; name = CoreAudio.framework; path = System/Library/Frameworks/CoreAudio.framework; sourceTree = SDKROOT; };
		4DDA8E951C4F5C6700ED5325 /* CoreAudioKit.framework */ = {isa = PBXFileReference; lastKnownFileType = wrapper.framework; name = CoreAudioKit.framework; path = System/Library/Frameworks/CoreAudioKit.framework; sourceTree = SDKROOT; };
		4DDA8E991C4F5C8200ED5325 /* CoreVideo.framework */ = {isa = PBXFileReference; lastKnownFileType = wrapper.framework; name = CoreVideo.framework; path = System/Library/Frameworks/CoreVideo.framework; sourceTree = SDKROOT; };
		4DDA8E9B1C4F5C8E00ED5325 /* ForceFeedback.framework */ = {isa = PBXFileReference; lastKnownFileType = wrapper.framework; name = ForceFeedback.framework; path = System/Library/Frameworks/ForceFeedback.framework; sourceTree = SDKROOT; };
		4DDA8E9D1C4F5C9200ED5325 /* IOKit.framework */ = {isa = PBXFileReference; lastKnownFileType = wrapper.framework; name = IOKit.framework; path = System/Library/Frameworks/IOKit.framework; sourceTree = SDKROOT; };
		4DDA8E9F1C4F5C9900ED5325 /* Carbon.framework */ = {isa = PBXFileReference; lastKnownFileType = wrapper.framework; name = Carbon.framework; path = System/Library/Frameworks/Carbon.framework; sourceTree = SDKROOT; };
		4DDA8EA11C4F5C9D00ED5325 /* AudioUnit.framework */ = {isa = PBXFileReference; lastKnownFileType = wrapper.framework; name = AudioUnit.framework; path = System/Library/Frameworks/AudioUnit.framework; sourceTree = SDKROOT; };
		4DDA8EA31C4F5CA300ED5325 /* CoreFoundation.framework */ = {isa = PBXFileReference; lastKnownFileType = wrapper.framework; name = CoreFoundation.framework; path = System/Library/Frameworks/CoreFoundation.framework; sourceTree = SDKROOT; };
		4DDF63941C4E057B008A44CE /* Cocoa.framework */ = {isa = PBXFileReference; lastKnownFileType = wrapper.framework; name = Cocoa.framework; path = System/Library/Frameworks/Cocoa.framework; sourceTree = SDKROOT; };
		4DE47B3E1C7ACAC2001D2F8C /* sprite_batch.c */ = {isa = PBXFileReference; fileEncoding = 4; lastKnownFileType = sourcecode.c.c; path = sprite_batch.c; sourceTree = "<group>"; };
		4DE47B3F1C7ACAC2001D2F8C /* sprite_batch.h */ = {isa = PBXFileReference; fileEncoding = 4; lastKnownFileType = sourcecode.c.h; path = sprite_batch.h; sourceTree = "<group>"; };
		4DE47B431C7ACBA5001D2F8C /* array.c */ = {isa = PBXFileReference; fileEncoding = 4; lastKnownFileType = sourcecode.c.c; path = array.c; sourceTree = "<group>"; };
		4DE47B441C7ACBA5001D2F8C /* array.h */ = {isa = PBXFileReference; fileEncoding = 4; lastKnownFileType = sourcecode.c.h; path = array.h; sourceTree = "<group>"; };
		4DE47B471C7AD8C8001D2F8C /* test_array.c */ = {isa = PBXFileReference; fileEncoding = 4; lastKnownFileType = sourcecode.c.c; path = test_array.c; sourceTree = "<group>"; };
		4DE4D1B51C74058200410891 /* test_array_map.c */ = {isa = PBXFileReference; fileEncoding = 4; lastKnownFileType = sourcecode.c.c; path = test_array_map.c; sourceTree = "<group>"; };
		4DE4D1B81C74059400410891 /* test.h */ = {isa = PBXFileReference; lastKnownFileType = sourcecode.c.h; path = test.h; sourceTree = "<group>"; };
		4DE4D2001C7461C700410891 /* camera.h */ = {isa = PBXFileReference; fileEncoding = 4; lastKnownFileType = sourcecode.c.h; path = camera.h; sourceTree = "<group>"; };
		4DE4D2021C7467E200410891 /* matrix.c */ = {isa = PBXFileReference; fileEncoding = 4; lastKnownFileType = sourcecode.c.c; path = matrix.c; sourceTree = "<group>"; };
		4DE4D2031C7467E200410891 /* matrix.h */ = {isa = PBXFileReference; fileEncoding = 4; lastKnownFileType = sourcecode.c.h; path = matrix.h; sourceTree = "<group>"; };
		4DE620FC1C7856AE0073C71A /* camera.c */ = {isa = PBXFileReference; fileEncoding = 4; lastKnownFileType = sourcecode.c.c; path = camera.c; sourceTree = "<group>"; };
		4DE642B71C5B3BCA003EBBC0 /* laffine.c */ = {isa = PBXFileReference; fileEncoding = 4; lastKnownFileType = sourcecode.c.c; path = laffine.c; sourceTree = "<group>"; };
		4DE642B81C5B3BCA003EBBC0 /* lopen.c */ = {isa = PBXFileReference; fileEncoding = 4; lastKnownFileType = sourcecode.c.c; path = lopen.c; sourceTree = "<group>"; };
		4DE642B91C5B3BCA003EBBC0 /* lopen.h */ = {isa = PBXFileReference; fileEncoding = 4; lastKnownFileType = sourcecode.c.h; path = lopen.h; sourceTree = "<group>"; };
		4DE642BD1C5B3BCA003EBBC0 /* lseal_core.c */ = {isa = PBXFileReference; fileEncoding = 4; lastKnownFileType = sourcecode.c.c; path = lseal_core.c; sourceTree = "<group>"; };
		4DE642BF1C5B3BCA003EBBC0 /* affine.c */ = {isa = PBXFileReference; fileEncoding = 4; lastKnownFileType = sourcecode.c.c; path = affine.c; sourceTree = "<group>"; };
		4DE642C01C5B3BCA003EBBC0 /* affine.h */ = {isa = PBXFileReference; fileEncoding = 4; lastKnownFileType = sourcecode.c.h; path = affine.h; sourceTree = "<group>"; };
		4DE642C11C5B3BCA003EBBC0 /* seal.c */ = {isa = PBXFileReference; fileEncoding = 4; lastKnownFileType = sourcecode.c.c; path = seal.c; sourceTree = "<group>"; };
		4DE642C21C5B3BCA003EBBC0 /* seal.h */ = {isa = PBXFileReference; fileEncoding = 4; lastKnownFileType = sourcecode.c.h; path = seal.h; sourceTree = "<group>"; };
		4DF5F5BE1C4C8CFC0080A8EB /* yuusha */ = {isa = PBXFileReference; explicitFileType = "compiled.mach-o.executable"; includeInIndex = 0; path = yuusha; sourceTree = BUILT_PRODUCTS_DIR; };
		A611E7121CB65F9A001C7E2C /* fpconv.c */ = {isa = PBXFileReference; fileEncoding = 4; lastKnownFileType = sourcecode.c.c; name = fpconv.c; path = "../../../libs/lua-cjson/fpconv.c"; sourceTree = "<group>"; };
		A611E7131CB65F9A001C7E2C /* fpconv.h */ = {isa = PBXFileReference; fileEncoding = 4; lastKnownFileType = sourcecode.c.h; name = fpconv.h; path = "../../../libs/lua-cjson/fpconv.h"; sourceTree = "<group>"; };
		A611E7151CB65F9A001C7E2C /* lua_cjson.c */ = {isa = PBXFileReference; fileEncoding = 4; lastKnownFileType = sourcecode.c.c; name = lua_cjson.c; path = "../../../libs/lua-cjson/lua_cjson.c"; sourceTree = "<group>"; };
		A611E7161CB65F9A001C7E2C /* strbuf.c */ = {isa = PBXFileReference; fileEncoding = 4; lastKnownFileType = sourcecode.c.c; name = strbuf.c; path = "../../../libs/lua-cjson/strbuf.c"; sourceTree = "<group>"; };
		A611E7171CB65F9A001C7E2C /* strbuf.h */ = {isa = PBXFileReference; fileEncoding = 4; lastKnownFileType = sourcecode.c.h; name = strbuf.h; path = "../../../libs/lua-cjson/strbuf.h"; sourceTree = "<group>"; };
		A611E7261CB662E0001C7E2C /* lplatform.c */ = {isa = PBXFileReference; fileEncoding = 4; lastKnownFileType = sourcecode.c.c; path = lplatform.c; sourceTree = "<group>"; };
		A695D3411CB2827900E4180B /* event.c */ = {isa = PBXFileReference; fileEncoding = 4; lastKnownFileType = sourcecode.c.c; path = event.c; sourceTree = "<group>"; };
		A695D3421CB2827900E4180B /* event.h */ = {isa = PBXFileReference; fileEncoding = 4; lastKnownFileType = sourcecode.c.h; path = event.h; sourceTree = "<group>"; };
		A695D3451CB2871C00E4180B /* platform.h */ = {isa = PBXFileReference; fileEncoding = 4; lastKnownFileType = sourcecode.c.h; path = platform.h; sourceTree = "<group>"; };
		A6C981661CB9223C00FCEBFF /* types.h */ = {isa = PBXFileReference; fileEncoding = 4; lastKnownFileType = sourcecode.c.h; path = types.h; sourceTree = "<group>"; };
		A6E74C9A1CCA0E7F009392C8 /* libz.a */ = {isa = PBXFileReference; lastKnownFileType = archive.ar; name = libz.a; path = "../../../libs/lua-zlib/mac/libs/libz.a"; sourceTree = "<group>"; };
		A6E74C9C1CCA0EF1009392C8 /* lua_zlib.c */ = {isa = PBXFileReference; fileEncoding = 4; lastKnownFileType = sourcecode.c.c; name = lua_zlib.c; path = "../../../libs/lua-zlib/lua_zlib.c"; sourceTree = "<group>"; };
		A6E74CAB1CCA1D2A009392C8 /* ioapi.c */ = {isa = PBXFileReference; fileEncoding = 4; lastKnownFileType = sourcecode.c.c; name = ioapi.c; path = "../../../libs/lua-zlib/ioapi.c"; sourceTree = "<group>"; };
		A6E74CAC1CCA1D2A009392C8 /* ioapi.h */ = {isa = PBXFileReference; fileEncoding = 4; lastKnownFileType = sourcecode.c.h; name = ioapi.h; path = "../../../libs/lua-zlib/ioapi.h"; sourceTree = "<group>"; };
		A6E74CAD1CCA1D2A009392C8 /* unzip.c */ = {isa = PBXFileReference; fileEncoding = 4; lastKnownFileType = sourcecode.c.c; name = unzip.c; path = "../../../libs/lua-zlib/unzip.c"; sourceTree = "<group>"; };
		A6E74CAE1CCA1D2A009392C8 /* unzip.h */ = {isa = PBXFileReference; fileEncoding = 4; lastKnownFileType = sourcecode.c.h; name = unzip.h; path = "../../../libs/lua-zlib/unzip.h"; sourceTree = "<group>"; };
		A6E74CB11CCA2271009392C8 /* ioapi_mem.c */ = {isa = PBXFileReference; fileEncoding = 4; lastKnownFileType = sourcecode.c.c; name = ioapi_mem.c; path = "../../../libs/lua-zlib/ioapi_mem.c"; sourceTree = "<group>"; };
		A6E74CB21CCA2271009392C8 /* ioapi_mem.h */ = {isa = PBXFileReference; fileEncoding = 4; lastKnownFileType = sourcecode.c.h; name = ioapi_mem.h; path = "../../../libs/lua-zlib/ioapi_mem.h"; sourceTree = "<group>"; };
		A6E8D3F01CCB5C8D004536D9 /* fs_mac.mm */ = {isa = PBXFileReference; fileEncoding = 4; lastKnownFileType = sourcecode.cpp.objcpp; path = fs_mac.mm; sourceTree = "<group>"; };
/* End PBXFileReference section */

/* Begin PBXFrameworksBuildPhase section */
		4DF5F5BB1C4C8CFC0080A8EB /* Frameworks */ = {
			isa = PBXFrameworksBuildPhase;
			buildActionMask = 2147483647;
			files = (
				4D822B8D1C6F66400083122E /* libglfw3.a in Frameworks */,
				4D46F80B1C8F2B0A0081A1DC /* libfreetype.a in Frameworks */,
				4D77985C1C6F0B5100021ED6 /* OpenGL.framework in Frameworks */,
				4DDA8EA41C4F5CA300ED5325 /* CoreFoundation.framework in Frameworks */,
				4DDA8EA21C4F5C9D00ED5325 /* AudioUnit.framework in Frameworks */,
				4DDA8EA01C4F5C9900ED5325 /* Carbon.framework in Frameworks */,
				A6E74C9B1CCA0E7F009392C8 /* libz.a in Frameworks */,
				4DDA8E9E1C4F5C9200ED5325 /* IOKit.framework in Frameworks */,
				4DDA8E9C1C4F5C8E00ED5325 /* ForceFeedback.framework in Frameworks */,
				4DDA8E9A1C4F5C8200ED5325 /* CoreVideo.framework in Frameworks */,
				4DDA8E961C4F5C6700ED5325 /* CoreAudio.framework in Frameworks */,
				4DDF63951C4E057B008A44CE /* Cocoa.framework in Frameworks */,
			);
			runOnlyForDeploymentPostprocessing = 0;
		};
/* End PBXFrameworksBuildPhase section */

/* Begin PBXGroup section */
		4D25D83C1C95C01C00448F88 /* freetype */ = {
			isa = PBXGroup;
			children = (
				4D46F80A1C8F2B0A0081A1DC /* libfreetype.a */,
			);
			name = freetype;
			sourceTree = "<group>";
		};
		4D25D83D1C95C02700448F88 /* glfw */ = {
			isa = PBXGroup;
			children = (
				4D822B8C1C6F66400083122E /* libglfw3.a */,
			);
			name = glfw;
			sourceTree = "<group>";
		};
		4D25D83E1C95C04500448F88 /* lua-socket */ = {
			isa = PBXGroup;
			children = (
				4D25D83F1C95C06000448F88 /* src */,
			);
			name = "lua-socket";
			sourceTree = "<group>";
		};
		4D25D83F1C95C06000448F88 /* src */ = {
			isa = PBXGroup;
			children = (
				4D25D8401C95C06000448F88 /* auxiliar.c */,
				4D25D8411C95C06000448F88 /* auxiliar.h */,
				4D25D8421C95C06000448F88 /* buffer.c */,
				4D25D8431C95C06000448F88 /* buffer.h */,
				4D25D8441C95C06000448F88 /* compat.c */,
				4D25D8451C95C06000448F88 /* compat.h */,
				4D25D8461C95C06000448F88 /* except.c */,
				4D25D8471C95C06000448F88 /* except.h */,
				4D25D84B1C95C06000448F88 /* inet.c */,
				4D25D84C1C95C06000448F88 /* inet.h */,
				4D25D84D1C95C06000448F88 /* io.c */,
				4D25D84E1C95C06000448F88 /* io.h */,
				4D25D8501C95C06000448F88 /* luasocket.c */,
				4D25D8511C95C06000448F88 /* luasocket.h */,
				4D25D8541C95C06000448F88 /* mime.c */,
				4D25D8551C95C06000448F88 /* mime.h */,
				4D25D8571C95C06000448F88 /* options.c */,
				4D25D8581C95C06000448F88 /* options.h */,
				4D25D8591C95C06000448F88 /* pierror.h */,
				4D25D85A1C95C06000448F88 /* select.c */,
				4D25D85B1C95C06000448F88 /* select.h */,
				4D25D85C1C95C06000448F88 /* serial.c */,
				4D25D85E1C95C06000448F88 /* socket.h */,
				4D25D8601C95C06000448F88 /* tcp.c */,
				4D25D8611C95C06000448F88 /* tcp.h */,
				4D25D8621C95C06000448F88 /* timeout.c */,
				4D25D8631C95C06000448F88 /* timeout.h */,
				4D25D8651C95C06000448F88 /* udp.c */,
				4D25D8661C95C06000448F88 /* udp.h */,
				4D25D8671C95C06000448F88 /* unix.c */,
				4D25D8681C95C06000448F88 /* unix.h */,
				4D25D86A1C95C06000448F88 /* usocket.c */,
				4D25D86B1C95C06000448F88 /* usocket.h */,
			);
			name = src;
			path = "../../../libs/lua-socket/src";
			sourceTree = "<group>";
		};
		4D46EDDE1C8F149E0081A1DC /* libs */ = {
			isa = PBXGroup;
			children = (
				A6E74C991CCA0E71009392C8 /* lua-zlib */,
				A611E70F1CB65F32001C7E2C /* lua-cjson */,
				4D25D83E1C95C04500448F88 /* lua-socket */,
				4D25D83D1C95C02700448F88 /* glfw */,
				4D25D83C1C95C01C00448F88 /* freetype */,
				4DDA8DDE1C4F5AE700ED5325 /* lua-5.3.2 */,
			);
			name = libs;
			sourceTree = "<group>";
		};
		4D822B7A1C6F5DCE0083122E /* base */ = {
			isa = PBXGroup;
			children = (
				4D6D56B61C737F5B00328A62 /* array_map.c */,
				4D6D56B71C737F5B00328A62 /* array_map.h */,
				4D822B7B1C6F5DCE0083122E /* list.h */,
				4DE47B431C7ACBA5001D2F8C /* array.c */,
				4DE47B441C7ACBA5001D2F8C /* array.h */,
				4DBAF7B01CB6C05B0079170E /* hashmap.c */,
				4DBAF7B11CB6C05B0079170E /* hashmap.h */,
			);
			path = base;
			sourceTree = "<group>";
		};
		4D822B7C1C6F61670083122E /* native */ = {
			isa = PBXGroup;
			children = (
				4D822B7D1C6F61670083122E /* main.c */,
			);
			path = native;
			sourceTree = "<group>";
		};
		4D822B7F1C6F621E0083122E /* platform */ = {
			isa = PBXGroup;
			children = (
				A6E8D3F01CCB5C8D004536D9 /* fs_mac.mm */,
				4D822B861C6F62490083122E /* fs.c */,
				4D822B871C6F62490083122E /* fs.h */,
				4D822B8F1C6F67250083122E /* timer.h */,
				4D822B901C6F672D0083122E /* timer.c */,
				A695D3451CB2871C00E4180B /* platform.h */,
				A6C981661CB9223C00FCEBFF /* types.h */,
			);
			path = platform;
			sourceTree = "<group>";
		};
		4D887C441C70BE18006EA5DA /* image */ = {
			isa = PBXGroup;
			children = (
				4D887C451C70BE18006EA5DA /* lodepng.c */,
				4D887C461C70BE18006EA5DA /* lodepng.h */,
			);
			path = image;
			sourceTree = "<group>";
		};
		4DA599541C827A36002C81D7 /* ui */ = {
			isa = PBXGroup;
			children = (
				4DA599551C827A44002C81D7 /* bmfont.c */,
				4DA599561C827A44002C81D7 /* bmfont.h */,
			);
			path = ui;
			sourceTree = "<group>";
		};
		4DA700531C4E852E0007549F /* Resources */ = {
			isa = PBXGroup;
			children = (
				4DA028881C5131C80070AE6B /* res */,
				4DA028891C5131C80070AE6B /* scripts */,
			);
			name = Resources;
			sourceTree = "<group>";
		};
		4DDA8DDE1C4F5AE700ED5325 /* lua-5.3.2 */ = {
			isa = PBXGroup;
			children = (
				4DDA8DEC1C4F5AE700ED5325 /* src */,
			);
			name = "lua-5.3.2";
			path = "../../../libs/lua-5.3.2";
			sourceTree = SOURCE_ROOT;
		};
		4DDA8DEC1C4F5AE700ED5325 /* src */ = {
			isa = PBXGroup;
			children = (
				4DDA8DED1C4F5AE700ED5325 /* lapi.c */,
				4DDA8DEE1C4F5AE700ED5325 /* lapi.h */,
				4DDA8DEF1C4F5AE700ED5325 /* lauxlib.c */,
				4DDA8DF01C4F5AE700ED5325 /* lauxlib.h */,
				4DDA8DF11C4F5AE700ED5325 /* lbaselib.c */,
				4DDA8DF21C4F5AE700ED5325 /* lbitlib.c */,
				4DDA8DF31C4F5AE700ED5325 /* lcode.c */,
				4DDA8DF41C4F5AE700ED5325 /* lcode.h */,
				4DDA8DF51C4F5AE700ED5325 /* lcorolib.c */,
				4DDA8DF61C4F5AE700ED5325 /* lctype.c */,
				4DDA8DF71C4F5AE700ED5325 /* lctype.h */,
				4DDA8DF81C4F5AE700ED5325 /* ldblib.c */,
				4DDA8DF91C4F5AE700ED5325 /* ldebug.c */,
				4DDA8DFA1C4F5AE700ED5325 /* ldebug.h */,
				4DDA8DFB1C4F5AE700ED5325 /* ldo.c */,
				4DDA8DFC1C4F5AE700ED5325 /* ldo.h */,
				4DDA8DFD1C4F5AE700ED5325 /* ldump.c */,
				4DDA8DFE1C4F5AE700ED5325 /* lfunc.c */,
				4DDA8DFF1C4F5AE700ED5325 /* lfunc.h */,
				4DDA8E001C4F5AE700ED5325 /* lgc.c */,
				4DDA8E011C4F5AE700ED5325 /* lgc.h */,
				4DDA8E021C4F5AE700ED5325 /* linit.c */,
				4DDA8E031C4F5AE700ED5325 /* liolib.c */,
				4DDA8E041C4F5AE700ED5325 /* llex.c */,
				4DDA8E051C4F5AE700ED5325 /* llex.h */,
				4DDA8E061C4F5AE700ED5325 /* llimits.h */,
				4DDA8E071C4F5AE700ED5325 /* lmathlib.c */,
				4DDA8E081C4F5AE700ED5325 /* lmem.c */,
				4DDA8E091C4F5AE700ED5325 /* lmem.h */,
				4DDA8E0A1C4F5AE700ED5325 /* loadlib.c */,
				4DDA8E0B1C4F5AE700ED5325 /* lobject.c */,
				4DDA8E0C1C4F5AE700ED5325 /* lobject.h */,
				4DDA8E0D1C4F5AE700ED5325 /* lopcodes.c */,
				4DDA8E0E1C4F5AE700ED5325 /* lopcodes.h */,
				4DDA8E0F1C4F5AE700ED5325 /* loslib.c */,
				4DDA8E101C4F5AE700ED5325 /* lparser.c */,
				4DDA8E111C4F5AE700ED5325 /* lparser.h */,
				4DDA8E121C4F5AE700ED5325 /* lprefix.h */,
				4DDA8E131C4F5AE700ED5325 /* lstate.c */,
				4DDA8E141C4F5AE700ED5325 /* lstate.h */,
				4DDA8E151C4F5AE700ED5325 /* lstring.c */,
				4DDA8E161C4F5AE700ED5325 /* lstring.h */,
				4DDA8E171C4F5AE700ED5325 /* lstrlib.c */,
				4DDA8E181C4F5AE700ED5325 /* ltable.c */,
				4DDA8E191C4F5AE700ED5325 /* ltable.h */,
				4DDA8E1A1C4F5AE700ED5325 /* ltablib.c */,
				4DDA8E1B1C4F5AE700ED5325 /* ltm.c */,
				4DDA8E1C1C4F5AE700ED5325 /* ltm.h */,
				4DDA8E1E1C4F5AE700ED5325 /* lua.h */,
				4DDA8E1F1C4F5AE700ED5325 /* lua.hpp */,
				4DDA8E211C4F5AE700ED5325 /* luaconf.h */,
				4DDA8E221C4F5AE700ED5325 /* lualib.h */,
				4DDA8E231C4F5AE700ED5325 /* lundump.c */,
				4DDA8E241C4F5AE700ED5325 /* lundump.h */,
				4DDA8E251C4F5AE700ED5325 /* lutf8lib.c */,
				4DDA8E261C4F5AE700ED5325 /* lvm.c */,
				4DDA8E271C4F5AE700ED5325 /* lvm.h */,
				4DDA8E281C4F5AE700ED5325 /* lzio.c */,
				4DDA8E291C4F5AE700ED5325 /* lzio.h */,
			);
			path = src;
			sourceTree = "<group>";
		};
		4DDF63961C4E0585008A44CE /* Frameworks */ = {
			isa = PBXGroup;
			children = (
				4D77985B1C6F0B5100021ED6 /* OpenGL.framework */,
				4DDA8EA31C4F5CA300ED5325 /* CoreFoundation.framework */,
				4DDA8EA11C4F5C9D00ED5325 /* AudioUnit.framework */,
				4DDA8E9F1C4F5C9900ED5325 /* Carbon.framework */,
				4DDA8E9D1C4F5C9200ED5325 /* IOKit.framework */,
				4DDA8E9B1C4F5C8E00ED5325 /* ForceFeedback.framework */,
				4DDA8E991C4F5C8200ED5325 /* CoreVideo.framework */,
				4DDA8E941C4F5C6700ED5325 /* CoreAudio.framework */,
				4DDA8E951C4F5C6700ED5325 /* CoreAudioKit.framework */,
				4DDF63941C4E057B008A44CE /* Cocoa.framework */,
			);
			name = Frameworks;
			sourceTree = "<group>";
		};
		4DE4D1B31C74056000410891 /* tests */ = {
			isa = PBXGroup;
			children = (
				4DE4D1B41C74056000410891 /* unit_test */,
			);
			path = tests;
			sourceTree = "<group>";
		};
		4DE4D1B41C74056000410891 /* unit_test */ = {
			isa = PBXGroup;
			children = (
				4DBFA6B71C9DBA9400D52B23 /* test_2d_array.c */,
				4DE47B471C7AD8C8001D2F8C /* test_array.c */,
				4DE4D1B51C74058200410891 /* test_array_map.c */,
				4DE4D1B81C74059400410891 /* test.h */,
			);
			path = unit_test;
			sourceTree = "<group>";
		};
		4DE642B51C5B3BCA003EBBC0 /* seal */ = {
			isa = PBXGroup;
			children = (
				4DA599541C827A36002C81D7 /* ui */,
				4DE4D1B31C74056000410891 /* tests */,
				4D887C441C70BE18006EA5DA /* image */,
				4D822B7F1C6F621E0083122E /* platform */,
				4D822B7A1C6F5DCE0083122E /* base */,
				4DE642B61C5B3BCA003EBBC0 /* binding */,
				4DE642BE1C5B3BCA003EBBC0 /* math */,
				4D822B761C6F5CE60083122E /* memory.c */,
				4D822B771C6F5CE60083122E /* memory.h */,
				4DE642C11C5B3BCA003EBBC0 /* seal.c */,
				4DE642C21C5B3BCA003EBBC0 /* seal.h */,
				4D7798641C6F0EC800021ED6 /* sprite.c */,
				4D7798651C6F0EC800021ED6 /* sprite.h */,
				4D887C481C70BFCA006EA5DA /* texture.c */,
				4D887C491C70BFCA006EA5DA /* texture.h */,
				4D77986C1C6F229700021ED6 /* shader.c */,
				4D77986D1C6F229700021ED6 /* shader.h */,
				4DE620FC1C7856AE0073C71A /* camera.c */,
				4DE4D2001C7461C700410891 /* camera.h */,
				4DE47B3E1C7ACAC2001D2F8C /* sprite_batch.c */,
				4DE47B3F1C7ACAC2001D2F8C /* sprite_batch.h */,
				4D46F8061C8F25D30081A1DC /* util.h */,
				4D46F80D1C8F37480081A1DC /* ttf_font.c */,
				4D46F80E1C8F37480081A1DC /* ttf_font.h */,
				A695D3411CB2827900E4180B /* event.c */,
				A695D3421CB2827900E4180B /* event.h */,
				4D1CF5831CB2A04E00A1FFB9 /* window.c */,
				4D1CF5841CB2A04E00A1FFB9 /* window.h */,
				4D0281431CC693A2001986C8 /* action.c */,
				4D0281441CC693A2001986C8 /* action.h */,
			);
			name = seal;
			path = ../../../seal;
			sourceTree = "<group>";
		};
		4DE642B61C5B3BCA003EBBC0 /* binding */ = {
			isa = PBXGroup;
			children = (
				4DE642B71C5B3BCA003EBBC0 /* laffine.c */,
				4DE642B81C5B3BCA003EBBC0 /* lopen.c */,
				4DE642B91C5B3BCA003EBBC0 /* lopen.h */,
				4DE642BD1C5B3BCA003EBBC0 /* lseal_core.c */,
				4D1CF5871CB2B79E00A1FFB9 /* lsprite.c */,
				4D1CF58B1CB2C3AC00A1FFB9 /* ltexture.c */,
				A611E7261CB662E0001C7E2C /* lplatform.c */,
			);
			path = binding;
			sourceTree = "<group>";
		};
		4DE642BE1C5B3BCA003EBBC0 /* math */ = {
			isa = PBXGroup;
			children = (
				4DE642BF1C5B3BCA003EBBC0 /* affine.c */,
				4DE642C01C5B3BCA003EBBC0 /* affine.h */,
				4DE4D2021C7467E200410891 /* matrix.c */,
				4DE4D2031C7467E200410891 /* matrix.h */,
				4D0B96CC1C7BFCD000C8C658 /* geo.c */,
				4D0B96CD1C7BFCD000C8C658 /* geo.h */,
			);
			path = math;
			sourceTree = "<group>";
		};
		4DF5F5B51C4C8CFC0080A8EB = {
			isa = PBXGroup;
			children = (
				4D46EDDE1C8F149E0081A1DC /* libs */,
				4DE642B51C5B3BCA003EBBC0 /* seal */,
				4D822B7C1C6F61670083122E /* native */,
				4DA700531C4E852E0007549F /* Resources */,
				4DDF63961C4E0585008A44CE /* Frameworks */,
				4DF5F5BF1C4C8CFC0080A8EB /* Products */,
			);
			sourceTree = "<group>";
		};
		4DF5F5BF1C4C8CFC0080A8EB /* Products */ = {
			isa = PBXGroup;
			children = (
				4DF5F5BE1C4C8CFC0080A8EB /* yuusha */,
			);
			name = Products;
			sourceTree = "<group>";
		};
		A611E70F1CB65F32001C7E2C /* lua-cjson */ = {
			isa = PBXGroup;
			children = (
				A611E7121CB65F9A001C7E2C /* fpconv.c */,
				A611E7131CB65F9A001C7E2C /* fpconv.h */,
				A611E7151CB65F9A001C7E2C /* lua_cjson.c */,
				A611E7161CB65F9A001C7E2C /* strbuf.c */,
				A611E7171CB65F9A001C7E2C /* strbuf.h */,
			);
			name = "lua-cjson";
			sourceTree = "<group>";
		};
		A6E74C991CCA0E71009392C8 /* lua-zlib */ = {
			isa = PBXGroup;
			children = (
				A6E74CB11CCA2271009392C8 /* ioapi_mem.c */,
				A6E74CB21CCA2271009392C8 /* ioapi_mem.h */,
				A6E74CAB1CCA1D2A009392C8 /* ioapi.c */,
				A6E74CAC1CCA1D2A009392C8 /* ioapi.h */,
				A6E74CAD1CCA1D2A009392C8 /* unzip.c */,
				A6E74CAE1CCA1D2A009392C8 /* unzip.h */,
				A6E74C9C1CCA0EF1009392C8 /* lua_zlib.c */,
				A6E74C9A1CCA0E7F009392C8 /* libz.a */,
			);
			name = "lua-zlib";
			sourceTree = "<group>";
		};
/* End PBXGroup section */

/* Begin PBXNativeTarget section */
		4DF5F5BD1C4C8CFC0080A8EB /* yuusha */ = {
			isa = PBXNativeTarget;
			buildConfigurationList = 4DF5F5C51C4C8CFC0080A8EB /* Build configuration list for PBXNativeTarget "yuusha" */;
			buildPhases = (
				4DF5F5BB1C4C8CFC0080A8EB /* Frameworks */,
				4DF5F5BA1C4C8CFC0080A8EB /* Sources */,
				4DF5F5BC1C4C8CFC0080A8EB /* CopyFiles */,
			);
			buildRules = (
			);
			dependencies = (
			);
			name = yuusha;
			productName = yuusha;
			productReference = 4DF5F5BE1C4C8CFC0080A8EB /* yuusha */;
			productType = "com.apple.product-type.tool";
		};
/* End PBXNativeTarget section */

/* Begin PBXProject section */
		4DF5F5B61C4C8CFC0080A8EB /* Project object */ = {
			isa = PBXProject;
			attributes = {
				LastUpgradeCheck = 0720;
				ORGANIZATIONNAME = levelmax;
				TargetAttributes = {
					4DF5F5BD1C4C8CFC0080A8EB = {
						CreatedOnToolsVersion = 6.1.1;
					};
				};
			};
			buildConfigurationList = 4DF5F5B91C4C8CFC0080A8EB /* Build configuration list for PBXProject "yuusha" */;
			compatibilityVersion = "Xcode 3.2";
			developmentRegion = English;
			hasScannedForEncodings = 0;
			knownRegions = (
				en,
			);
			mainGroup = 4DF5F5B51C4C8CFC0080A8EB;
			productRefGroup = 4DF5F5BF1C4C8CFC0080A8EB /* Products */;
			projectDirPath = "";
			projectRoot = "";
			targets = (
				4DF5F5BD1C4C8CFC0080A8EB /* yuusha */,
			);
		};
/* End PBXProject section */

/* Begin PBXSourcesBuildPhase section */
		4DF5F5BA1C4C8CFC0080A8EB /* Sources */ = {
			isa = PBXSourcesBuildPhase;
			buildActionMask = 2147483647;
			files = (
				4DDA8E301C4F5AE700ED5325 /* lcode.c in Sources */,
				A6E74C9D1CCA0EF1009392C8 /* lua_zlib.c in Sources */,
				4DDA8E311C4F5AE700ED5325 /* lcorolib.c in Sources */,
				4DDA8E371C4F5AE700ED5325 /* lfunc.c in Sources */,
				4DDA8E341C4F5AE700ED5325 /* ldebug.c in Sources */,
				4D887C471C70BE18006EA5DA /* lodepng.c in Sources */,
				A6E74CAF1CCA1D2A009392C8 /* ioapi.c in Sources */,
				4DDA8E3A1C4F5AE700ED5325 /* liolib.c in Sources */,
				4D6D56B81C737F5B00328A62 /* array_map.c in Sources */,
				4DE642C31C5B3BCA003EBBC0 /* laffine.c in Sources */,
				4DE642C81C5B3BCA003EBBC0 /* lseal_core.c in Sources */,
				A6E74CB01CCA1D2A009392C8 /* unzip.c in Sources */,
				4D25D88C1C95C06000448F88 /* unix.c in Sources */,
				4DDA8E411C4F5AE700ED5325 /* loslib.c in Sources */,
				4DDA8E2E1C4F5AE700ED5325 /* lbaselib.c in Sources */,
				4DDA8E481C4F5AE700ED5325 /* ltm.c in Sources */,
				4DDA8E331C4F5AE700ED5325 /* ldblib.c in Sources */,
				4DDA8E2F1C4F5AE700ED5325 /* lbitlib.c in Sources */,
				A6E8D3F11CCB5C8D004536D9 /* fs_mac.mm in Sources */,
				4DE47B451C7ACBA5001D2F8C /* array.c in Sources */,
				4DA599571C827A44002C81D7 /* bmfont.c in Sources */,
				4D25D88E1C95C06000448F88 /* usocket.c in Sources */,
				4DDA8E391C4F5AE700ED5325 /* linit.c in Sources */,
				4D77986E1C6F229700021ED6 /* shader.c in Sources */,
				4DBAF7B21CB6C05B0079170E /* hashmap.c in Sources */,
				4DDA8E3D1C4F5AE700ED5325 /* lmem.c in Sources */,
				4DE642CA1C5B3BCA003EBBC0 /* seal.c in Sources */,
				A611E7201CB65F9A001C7E2C /* strbuf.c in Sources */,
				4D822B8A1C6F62490083122E /* fs.c in Sources */,
				4DDA8E361C4F5AE700ED5325 /* ldump.c in Sources */,
				4D25D8701C95C06000448F88 /* buffer.c in Sources */,
				4DDA8E441C4F5AE700ED5325 /* lstring.c in Sources */,
				4DDA8E2C1C4F5AE700ED5325 /* lapi.c in Sources */,
				4D25D8721C95C06000448F88 /* compat.c in Sources */,
				4D1CF58D1CB2C3AC00A1FFB9 /* ltexture.c in Sources */,
				4DDA8E431C4F5AE700ED5325 /* lstate.c in Sources */,
				4DE47B401C7ACAC2001D2F8C /* sprite_batch.c in Sources */,
				4D822B7E1C6F61670083122E /* main.c in Sources */,
				4DDA8E401C4F5AE700ED5325 /* lopcodes.c in Sources */,
				4DE642C41C5B3BCA003EBBC0 /* lopen.c in Sources */,
				A611E7271CB662E0001C7E2C /* lplatform.c in Sources */,
				4DE4D2041C7467E200410891 /* matrix.c in Sources */,
				4D25D8741C95C06000448F88 /* except.c in Sources */,
				4DDA8E4C1C4F5AE700ED5325 /* lutf8lib.c in Sources */,
				4D25D8781C95C06000448F88 /* io.c in Sources */,
				A611E71E1CB65F9A001C7E2C /* lua_cjson.c in Sources */,
				4DBFA6B81C9DBA9400D52B23 /* test_2d_array.c in Sources */,
				4D46F80F1C8F38C90081A1DC /* ttf_font.c in Sources */,
				A695D3431CB2827900E4180B /* event.c in Sources */,
				4D0281451CC693A2001986C8 /* action.c in Sources */,
				4D25D87E1C95C06000448F88 /* mime.c in Sources */,
				4D25D88A1C95C06000448F88 /* udp.c in Sources */,
				A6E74CB31CCA2271009392C8 /* ioapi_mem.c in Sources */,
				4D25D8801C95C06000448F88 /* options.c in Sources */,
				4D822B911C6F672D0083122E /* timer.c in Sources */,
				4DE4D1B71C74058200410891 /* test_array_map.c in Sources */,
				4D7798661C6F0EC800021ED6 /* sprite.c in Sources */,
				4D25D87A1C95C06000448F88 /* luasocket.c in Sources */,
				4D0B96CE1C7BFCD000C8C658 /* geo.c in Sources */,
				4DDA8E3B1C4F5AE700ED5325 /* llex.c in Sources */,
				4DDA8E4B1C4F5AE700ED5325 /* lundump.c in Sources */,
				4DDA8E4D1C4F5AE700ED5325 /* lvm.c in Sources */,
				4DDA8E351C4F5AE700ED5325 /* ldo.c in Sources */,
				4D822B781C6F5CE60083122E /* memory.c in Sources */,
				4D25D8881C95C06000448F88 /* timeout.c in Sources */,
				4D25D8861C95C06000448F88 /* tcp.c in Sources */,
				4D1CF5891CB2B79E00A1FFB9 /* lsprite.c in Sources */,
				4DDA8E3E1C4F5AE700ED5325 /* loadlib.c in Sources */,
				4DDA8E3F1C4F5AE700ED5325 /* lobject.c in Sources */,
				4DDA8E471C4F5AE700ED5325 /* ltablib.c in Sources */,
				4DE620FD1C7856AE0073C71A /* camera.c in Sources */,
				A611E71A1CB65F9A001C7E2C /* fpconv.c in Sources */,
				4DDA8E451C4F5AE700ED5325 /* lstrlib.c in Sources */,
				4DDA8E3C1C4F5AE700ED5325 /* lmathlib.c in Sources */,
				4DDA8E381C4F5AE700ED5325 /* lgc.c in Sources */,
				4D887C4A1C70BFCA006EA5DA /* texture.c in Sources */,
				4DDA8E321C4F5AE700ED5325 /* lctype.c in Sources */,
				4DDA8E2D1C4F5AE700ED5325 /* lauxlib.c in Sources */,
				4D25D8761C95C06000448F88 /* inet.c in Sources */,
				4D25D86E1C95C06000448F88 /* auxiliar.c in Sources */,
				4DE642C91C5B3BCA003EBBC0 /* affine.c in Sources */,
				4D1CF5851CB2A04E00A1FFB9 /* window.c in Sources */,
				4DDA8E421C4F5AE700ED5325 /* lparser.c in Sources */,
				4DE47B491C7AD8C8001D2F8C /* test_array.c in Sources */,
				4DDA8E4E1C4F5AE700ED5325 /* lzio.c in Sources */,
				4D25D8821C95C06000448F88 /* select.c in Sources */,
				4DDA8E461C4F5AE700ED5325 /* ltable.c in Sources */,
				4D25D8841C95C06000448F88 /* serial.c in Sources */,
			);
			runOnlyForDeploymentPostprocessing = 0;
		};
/* End PBXSourcesBuildPhase section */

/* Begin XCBuildConfiguration section */
		4DF5F5C31C4C8CFC0080A8EB /* Debug */ = {
			isa = XCBuildConfiguration;
			buildSettings = {
				ALWAYS_SEARCH_USER_PATHS = NO;
				CLANG_CXX_LANGUAGE_STANDARD = "gnu++0x";
				CLANG_CXX_LIBRARY = "libc++";
				CLANG_ENABLE_MODULES = YES;
				CLANG_ENABLE_OBJC_ARC = YES;
				CLANG_WARN_BOOL_CONVERSION = YES;
				CLANG_WARN_CONSTANT_CONVERSION = YES;
				CLANG_WARN_DIRECT_OBJC_ISA_USAGE = YES_ERROR;
				CLANG_WARN_EMPTY_BODY = YES;
				CLANG_WARN_ENUM_CONVERSION = YES;
				CLANG_WARN_INT_CONVERSION = YES;
				CLANG_WARN_OBJC_ROOT_CLASS = YES_ERROR;
				CLANG_WARN_UNREACHABLE_CODE = YES;
				CLANG_WARN__DUPLICATE_METHOD_MATCH = YES;
				COPY_PHASE_STRIP = NO;
				ENABLE_STRICT_OBJC_MSGSEND = YES;
				ENABLE_TESTABILITY = YES;
				GCC_C_LANGUAGE_STANDARD = gnu99;
				GCC_DYNAMIC_NO_PIC = NO;
				GCC_OPTIMIZATION_LEVEL = 0;
				GCC_PREPROCESSOR_DEFINITIONS = (
					"DEBUG=1",
					"$(inherited)",
				);
				GCC_SYMBOLS_PRIVATE_EXTERN = NO;
				GCC_WARN_64_TO_32_BIT_CONVERSION = YES;
				GCC_WARN_ABOUT_RETURN_TYPE = YES_ERROR;
				GCC_WARN_UNDECLARED_SELECTOR = YES;
				GCC_WARN_UNINITIALIZED_AUTOS = YES_AGGRESSIVE;
				GCC_WARN_UNUSED_FUNCTION = YES;
				GCC_WARN_UNUSED_VARIABLE = YES;
				MACOSX_DEPLOYMENT_TARGET = 10.7;
				MTL_ENABLE_DEBUG_INFO = YES;
				ONLY_ACTIVE_ARCH = YES;
				SDKROOT = macosx;
			};
			name = Debug;
		};
		4DF5F5C41C4C8CFC0080A8EB /* Release */ = {
			isa = XCBuildConfiguration;
			buildSettings = {
				ALWAYS_SEARCH_USER_PATHS = NO;
				CLANG_CXX_LANGUAGE_STANDARD = "gnu++0x";
				CLANG_CXX_LIBRARY = "libc++";
				CLANG_ENABLE_MODULES = YES;
				CLANG_ENABLE_OBJC_ARC = YES;
				CLANG_WARN_BOOL_CONVERSION = YES;
				CLANG_WARN_CONSTANT_CONVERSION = YES;
				CLANG_WARN_DIRECT_OBJC_ISA_USAGE = YES_ERROR;
				CLANG_WARN_EMPTY_BODY = YES;
				CLANG_WARN_ENUM_CONVERSION = YES;
				CLANG_WARN_INT_CONVERSION = YES;
				CLANG_WARN_OBJC_ROOT_CLASS = YES_ERROR;
				CLANG_WARN_UNREACHABLE_CODE = YES;
				CLANG_WARN__DUPLICATE_METHOD_MATCH = YES;
				COPY_PHASE_STRIP = YES;
				DEBUG_INFORMATION_FORMAT = "dwarf-with-dsym";
				ENABLE_NS_ASSERTIONS = NO;
				ENABLE_STRICT_OBJC_MSGSEND = YES;
				GCC_C_LANGUAGE_STANDARD = gnu99;
				GCC_WARN_64_TO_32_BIT_CONVERSION = YES;
				GCC_WARN_ABOUT_RETURN_TYPE = YES_ERROR;
				GCC_WARN_UNDECLARED_SELECTOR = YES;
				GCC_WARN_UNINITIALIZED_AUTOS = YES_AGGRESSIVE;
				GCC_WARN_UNUSED_FUNCTION = YES;
				GCC_WARN_UNUSED_VARIABLE = YES;
				MACOSX_DEPLOYMENT_TARGET = 10.7;
				MTL_ENABLE_DEBUG_INFO = NO;
				SDKROOT = macosx;
			};
			name = Release;
		};
		4DF5F5C61C4C8CFC0080A8EB /* Debug */ = {
			isa = XCBuildConfiguration;
			buildSettings = {
				CLANG_ENABLE_MODULES = YES;
				GCC_C_LANGUAGE_STANDARD = gnu99;
				GCC_PREPROCESSOR_DEFINITIONS = "DEBUG=1";
				HEADER_SEARCH_PATHS = (
					"$(inherited)",
					/Applications/Xcode.app/Contents/Developer/Toolchains/XcodeDefault.xctoolchain/usr/include,
					../../../seal,
					../../../libs/glfw/mac/include,
					"../../../libs/freetype-2.6.2/mac/include/**",
					"../../../libs/lua-zlib/mac/include",
					"../../../libs/lua-5.3.2/src",
				);
				LIBRARY_SEARCH_PATHS = (
					../../../libs/glfw/mac/libs,
					"../../../libs/freetype-2.6.2/mac/libs",
					"../../../libs/lua-zlib/mac/libs",
				);
				PRECOMPS_INCLUDE_HEADERS_FROM_BUILT_PRODUCTS_DIR = YES;
				PRODUCT_NAME = "$(TARGET_NAME)";
			};
			name = Debug;
		};
		4DF5F5C71C4C8CFC0080A8EB /* Release */ = {
			isa = XCBuildConfiguration;
			buildSettings = {
				CLANG_ENABLE_MODULES = YES;
				GCC_C_LANGUAGE_STANDARD = gnu99;
				GCC_PREPROCESSOR_DEFINITIONS = "";
				HEADER_SEARCH_PATHS = (
					"$(inherited)",
					/Applications/Xcode.app/Contents/Developer/Toolchains/XcodeDefault.xctoolchain/usr/include,
					../../../seal,
					../../../libs/glfw/mac/include,
					"../../../libs/freetype-2.6.2/mac/include/**",
					"../../../libs/lua-zlib/mac/include",
					"../../../libs/lua-5.3.2/src",
				);
				LIBRARY_SEARCH_PATHS = (
					../../../libs/glfw/mac/libs,
					"../../../libs/freetype-2.6.2/mac/libs",
					"../../../libs/lua-zlib/mac/libs",
				);
				PRECOMPS_INCLUDE_HEADERS_FROM_BUILT_PRODUCTS_DIR = YES;
				PRODUCT_NAME = "$(TARGET_NAME)";
			};
			name = Release;
		};
/* End XCBuildConfiguration section */

/* Begin XCConfigurationList section */
		4DF5F5B91C4C8CFC0080A8EB /* Build configuration list for PBXProject "yuusha" */ = {
			isa = XCConfigurationList;
			buildConfigurations = (
				4DF5F5C31C4C8CFC0080A8EB /* Debug */,
				4DF5F5C41C4C8CFC0080A8EB /* Release */,
			);
			defaultConfigurationIsVisible = 0;
			defaultConfigurationName = Release;
		};
		4DF5F5C51C4C8CFC0080A8EB /* Build configuration list for PBXNativeTarget "yuusha" */ = {
			isa = XCConfigurationList;
			buildConfigurations = (
				4DF5F5C61C4C8CFC0080A8EB /* Debug */,
				4DF5F5C71C4C8CFC0080A8EB /* Release */,
			);
			defaultConfigurationIsVisible = 0;
			defaultConfigurationName = Release;
		};
/* End XCConfigurationList section */
	};
	rootObject = 4DF5F5B61C4C8CFC0080A8EB /* Project object */;
}
